<?xml version="1.0" encoding="utf-8"?>
<Project ToolsVersion="4.0" xmlns="http://schemas.microsoft.com/developer/msbuild/2003">
  <ItemGroup>
    <Filter Include="Source Files">
      <UniqueIdentifier>{4FC737F1-C7A5-4376-A066-2A32D752A2FF}</UniqueIdentifier>
      <Extensions>cpp;c;cc;cxx;def;odl;idl;hpj;bat;asm;asmx</Extensions>
    </Filter>
    <Filter Include="Header Files">
      <UniqueIdentifier>{93995380-89BD-4b04-88EB-625FBE52EBFB}</UniqueIdentifier>
      <Extensions>h;hpp;hxx;hm;inl;inc;xsd</Extensions>
    </Filter>
    <Filter Include="Resource Files">
      <UniqueIdentifier>{67DA6AB6-F800-4c08-8B7A-83BB121AAD01}</UniqueIdentifier>
      <Extensions>rc;ico;cur;bmp;dlg;rc2;rct;bin;rgs;gif;jpg;jpeg;jpe;resx;tiff;tif;png;wav</Extensions>
    </Filter>
    <Filter Include="Blocks">
      <UniqueIdentifier>{89485B00-4746-4B3E-8195-CED8A809A2DB}</UniqueIdentifier>
    </Filter>
    <Filter Include="Blocks\BluecadetText">
      <UniqueIdentifier>{B324ACC6-C5E3-4013-87BB-A56A4B3D280E}</UniqueIdentifier>
    </Filter>
    <Filter Include="Blocks\BluecadetText\src">
      <UniqueIdentifier>{BAF9A01F-0C74-4D75-B443-3E104080790D}</UniqueIdentifier>
    </Filter>
    <Filter Include="Blocks\BluecadetViews">
      <UniqueIdentifier>{7C90D699-F2FF-4E47-ADAC-8E2DF467D933}</UniqueIdentifier>
    </Filter>
    <Filter Include="Blocks\OSC">
      <UniqueIdentifier>{FAD68918-A53D-499D-B1B3-06E8550D5E0D}</UniqueIdentifier>
    </Filter>
    <Filter Include="Blocks\OSC\src">
      <UniqueIdentifier>{DDE7CE7C-FC89-4A98-ACE9-F915050CC538}</UniqueIdentifier>
    </Filter>
    <Filter Include="Blocks\TUIO">
      <UniqueIdentifier>{814EE15B-A126-4A9B-A055-AD75F2A90EAA}</UniqueIdentifier>
    </Filter>
    <Filter Include="Blocks\TUIO\src">
      <UniqueIdentifier>{96A050D7-58C7-4899-A758-BEEB5EE38948}</UniqueIdentifier>
    </Filter>
    <Filter Include="Blocks\BluecadetViews\src">
      <UniqueIdentifier>{64fdd8be-7ad6-4c91-b220-56b74351acea}</UniqueIdentifier>
    </Filter>
    <Filter Include="Blocks\BluecadetViews\src\views">
      <UniqueIdentifier>{78b10455-20e7-4c99-833f-1a3a021ffb0f}</UniqueIdentifier>
    </Filter>
    <Filter Include="Blocks\BluecadetViews\src\core">
      <UniqueIdentifier>{1898b2bc-0c4c-4632-b42f-b961f31ade9f}</UniqueIdentifier>
    </Filter>
    <Filter Include="Blocks\BluecadetViews\src\touch">
      <UniqueIdentifier>{5d3982be-2940-4809-b4b0-4a9a27348094}</UniqueIdentifier>
    </Filter>
    <Filter Include="Blocks\BluecadetViews\src\touch\drivers">
      <UniqueIdentifier>{6a276477-7d83-4536-9ae3-c86c8aeacfd2}</UniqueIdentifier>
    </Filter>
  </ItemGroup>
  <ItemGroup>
    <ClCompile Include="..\src\TextViewSampleApp.cpp">
      <Filter>Source Files</Filter>
    </ClCompile>
    <ClCompile Include="..\src\TextViewSampleApp.cpp">
      <Filter>Source Files</Filter>
    </ClCompile>
    <ClInclude Include="..\include\Resources.h">
      <Filter>Header Files</Filter>
    </ClInclude>
    <ClCompile Include="..\..\..\..\Cinder-BluecadetText\src\FontManager.cpp">
      <Filter>Blocks\BluecadetText\src</Filter>
    </ClCompile>
    <ClCompile Include="..\..\..\..\Cinder-BluecadetText\src\StyledTextLayout.cpp">
      <Filter>Blocks\BluecadetText\src</Filter>
    </ClCompile>
    <ClCompile Include="..\..\..\..\Cinder-BluecadetText\src\StyledTextParser.cpp">
      <Filter>Blocks\BluecadetText\src</Filter>
    </ClCompile>
    <ClCompile Include="..\..\..\..\Cinder-BluecadetText\src\StyleManager.cpp">
      <Filter>Blocks\BluecadetText\src</Filter>
    </ClCompile>
    <ClInclude Include="..\..\..\..\Cinder-BluecadetText\src\FontManager.h">
      <Filter>Blocks\BluecadetText\src</Filter>
    </ClInclude>
    <ClInclude Include="..\..\..\..\Cinder-BluecadetText\src\StyledTextLayout.h">
      <Filter>Blocks\BluecadetText\src</Filter>
    </ClInclude>
    <ClInclude Include="..\..\..\..\Cinder-BluecadetText\src\StyledTextParser.h">
      <Filter>Blocks\BluecadetText\src</Filter>
    </ClInclude>
    <ClInclude Include="..\..\..\..\Cinder-BluecadetText\src\StyleManager.h">
      <Filter>Blocks\BluecadetText\src</Filter>
    </ClInclude>
    <ClInclude Include="..\..\..\..\Cinder-BluecadetText\src\Text.h">
      <Filter>Blocks\BluecadetText\src</Filter>
    </ClInclude>
    <ClCompile Include="..\..\..\src\core\BaseApp.cpp">
      <Filter>Blocks\BluecadetViews\src\core</Filter>
    </ClCompile>
    <ClCompile Include="..\..\..\src\core\ScreenLayout.cpp">
      <Filter>Blocks\BluecadetViews\src\core</Filter>
    </ClCompile>
    <ClCompile Include="..\..\..\src\core\SettingsManager.cpp">
      <Filter>Blocks\BluecadetViews\src\core</Filter>
    </ClCompile>
    <ClCompile Include="..\..\..\src\touch\Touch.cpp">
      <Filter>Blocks\BluecadetViews\src\touch</Filter>
    </ClCompile>
    <ClCompile Include="..\..\..\src\touch\TouchManager.cpp">
      <Filter>Blocks\BluecadetViews\src\touch</Filter>
    </ClCompile>
    <ClCompile Include="..\..\..\src\touch\drivers\MouseDriver.cpp">
      <Filter>Blocks\BluecadetViews\src\touch\drivers</Filter>
    </ClCompile>
    <ClCompile Include="..\..\..\src\touch\drivers\NativeTouchDriver.cpp">
      <Filter>Blocks\BluecadetViews\src\touch\drivers</Filter>
    </ClCompile>
    <ClCompile Include="..\..\..\src\touch\drivers\SimulatedTouchDriver.cpp">
      <Filter>Blocks\BluecadetViews\src\touch\drivers</Filter>
    </ClCompile>
    <ClCompile Include="..\..\..\src\touch\drivers\TuioDriver.cpp">
      <Filter>Blocks\BluecadetViews\src\touch\drivers</Filter>
    </ClCompile>
    <ClCompile Include="..\..\..\src\views\BaseView.cpp">
      <Filter>Blocks\BluecadetViews\src\views</Filter>
    </ClCompile>
    <ClCompile Include="..\..\..\src\views\EllipseView.cpp">
      <Filter>Blocks\BluecadetViews\src\views</Filter>
    </ClCompile>
    <ClCompile Include="..\..\..\src\views\FboView.cpp">
      <Filter>Blocks\BluecadetViews\src\views</Filter>
    </ClCompile>
    <ClCompile Include="..\..\..\src\views\ImageView.cpp">
      <Filter>Blocks\BluecadetViews\src\views</Filter>
    </ClCompile>
    <ClCompile Include="..\..\..\src\views\LineView.cpp">
      <Filter>Blocks\BluecadetViews\src\views</Filter>
    </ClCompile>
    <ClCompile Include="..\..\..\src\views\StatsView.cpp">
      <Filter>Blocks\BluecadetViews\src\views</Filter>
    </ClCompile>
    <ClCompile Include="..\..\..\src\views\TextView.cpp">
      <Filter>Blocks\BluecadetViews\src\views</Filter>
    </ClCompile>
    <ClCompile Include="..\..\..\src\views\TouchView.cpp">
      <Filter>Blocks\BluecadetViews\src\views</Filter>
    </ClCompile>
    <ClCompile Include="..\..\..\src\views\ViewEvent.cpp">
      <Filter>Blocks\BluecadetViews\src\views</Filter>
    </ClCompile>
    <ClCompile Include="..\..\..\src\core\ScreenCamera.cpp">
      <Filter>Blocks\BluecadetViews\src\core</Filter>
    </ClCompile>
    <ClCompile Include="..\..\..\src\views\MiniMapView.cpp">
      <Filter>Blocks\BluecadetViews\src\views</Filter>
    </ClCompile>
    <ClCompile Include="..\..\..\src\views\GraphView.cpp">
      <Filter>Blocks\BluecadetViews\src\views</Filter>
    </ClCompile>
    <ClCompile Include="..\..\..\..\TUIO\src\cinder\tuio\Tuio.cpp">
      <Filter>Blocks\TUIO\src</Filter>
    </ClCompile>
    <ClCompile Include="..\..\..\..\OSC\src\cinder\osc\Osc.cpp">
      <Filter>Blocks\OSC\src</Filter>
    </ClCompile>
  </ItemGroup>
  <ItemGroup>
    <ClInclude Include="..\include\Resources.h">
      <Filter>Header Files</Filter>
    </ClInclude>
    <ClInclude Include="..\..\..\src\core\BaseApp.h">
      <Filter>Blocks\BluecadetViews\src\core</Filter>
    </ClInclude>
    <ClInclude Include="..\..\..\src\core\ScreenLayout.h">
      <Filter>Blocks\BluecadetViews\src\core</Filter>
    </ClInclude>
    <ClInclude Include="..\..\..\src\core\SettingsManager.h">
      <Filter>Blocks\BluecadetViews\src\core</Filter>
    </ClInclude>
    <ClInclude Include="..\..\..\src\touch\Touch.h">
      <Filter>Blocks\BluecadetViews\src\touch</Filter>
    </ClInclude>
    <ClInclude Include="..\..\..\src\touch\TouchManager.h">
      <Filter>Blocks\BluecadetViews\src\touch</Filter>
    </ClInclude>
    <ClInclude Include="..\..\..\src\touch\drivers\MouseDriver.h">
      <Filter>Blocks\BluecadetViews\src\touch\drivers</Filter>
    </ClInclude>
    <ClInclude Include="..\..\..\src\touch\drivers\NativeTouchDriver.h">
      <Filter>Blocks\BluecadetViews\src\touch\drivers</Filter>
    </ClInclude>
    <ClInclude Include="..\..\..\src\touch\drivers\SimulatedTouchDriver.h">
      <Filter>Blocks\BluecadetViews\src\touch\drivers</Filter>
    </ClInclude>
    <ClInclude Include="..\..\..\src\touch\drivers\TuioDriver.h">
      <Filter>Blocks\BluecadetViews\src\touch\drivers</Filter>
    </ClInclude>
    <ClInclude Include="..\..\..\src\views\BaseView.h">
      <Filter>Blocks\BluecadetViews\src\views</Filter>
    </ClInclude>
    <ClInclude Include="..\..\..\src\views\EllipseView.h">
      <Filter>Blocks\BluecadetViews\src\views</Filter>
    </ClInclude>
    <ClInclude Include="..\..\..\src\views\FboView.h">
      <Filter>Blocks\BluecadetViews\src\views</Filter>
    </ClInclude>
    <ClInclude Include="..\..\..\src\views\ImageView.h">
      <Filter>Blocks\BluecadetViews\src\views</Filter>
    </ClInclude>
    <ClInclude Include="..\..\..\src\views\LineView.h">
      <Filter>Blocks\BluecadetViews\src\views</Filter>
    </ClInclude>
    <ClInclude Include="..\..\..\src\views\StatsView.h">
      <Filter>Blocks\BluecadetViews\src\views</Filter>
    </ClInclude>
    <ClInclude Include="..\..\..\src\views\TextView.h">
      <Filter>Blocks\BluecadetViews\src\views</Filter>
    </ClInclude>
    <ClInclude Include="..\..\..\src\views\TouchView.h">
      <Filter>Blocks\BluecadetViews\src\views</Filter>
    </ClInclude>
    <ClInclude Include="..\..\..\src\views\ViewEvent.h">
      <Filter>Blocks\BluecadetViews\src\views</Filter>
    </ClInclude>
    <ClInclude Include="..\..\..\src\core\ScreenCamera.h">
      <Filter>Blocks\BluecadetViews\src\core</Filter>
    </ClInclude>
    <ClInclude Include="..\..\..\src\views\MiniMapView.h">
      <Filter>Blocks\BluecadetViews\src\views</Filter>
    </ClInclude>
    <ClInclude Include="..\..\..\src\views\GraphView.h">
      <Filter>Blocks\BluecadetViews\src\views</Filter>
    </ClInclude>
    <ClInclude Include="..\..\..\..\TUIO\src\cinder\tuio\Tuio.h">
      <Filter>Blocks\TUIO\src</Filter>
    </ClInclude>
    <ClInclude Include="..\..\..\..\OSC\src\cinder\osc\Osc.h">
      <Filter>Blocks\OSC\src</Filter>
    </ClInclude>
  </ItemGroup>
  <ItemGroup>
    <ResourceCompile Include="Resources.rc">
      <Filter>Resource Files</Filter>
    </ResourceCompile>
  </ItemGroup>
</Project>