<?xml version="1.0" encoding="utf-8"?>
<Project ToolsVersion="4.0" xmlns="http://schemas.microsoft.com/developer/msbuild/2003">
  <ItemGroup>
    <Filter Include="Source Files">
      <UniqueIdentifier>{4FC737F1-C7A5-4376-A066-2A32D752A2FF}</UniqueIdentifier>
      <Extensions>cpp;c;cc;cxx;def;odl;idl;hpj;bat;asm;asmx</Extensions>
    </Filter>
    <Filter Include="Header Files">
      <UniqueIdentifier>{93995380-89BD-4b04-88EB-625FBE52EBFB}</UniqueIdentifier>
      <Extensions>h;hpp;hxx;hm;inl;inc;xsd</Extensions>
    </Filter>
    <Filter Include="Resource Files">
      <UniqueIdentifier>{67DA6AB6-F800-4c08-8B7A-83BB121AAD01}</UniqueIdentifier>
      <Extensions>rc;ico;cur;bmp;dlg;rc2;rct;bin;rgs;gif;jpg;jpeg;jpe;resx;tiff;tif;png;wav</Extensions>
    </Filter>
    <Filter Include="Blocks">
      <UniqueIdentifier>{5A8ABC53-22CA-499A-A5F9-7DEF835092C9}</UniqueIdentifier>
    </Filter>
    <Filter Include="Blocks\BluecadetText">
      <UniqueIdentifier>{DE6E8CB0-2ECB-4BE6-B678-B512864C0016}</UniqueIdentifier>
    </Filter>
    <Filter Include="Blocks\BluecadetText\src">
      <UniqueIdentifier>{2A1D9D45-7D30-463D-A5CC-C88E418F512B}</UniqueIdentifier>
    </Filter>
    <Filter Include="Blocks\BluecadetViews">
      <UniqueIdentifier>{785275A3-7989-482E-B975-035028DDDFC8}</UniqueIdentifier>
    </Filter>
    <Filter Include="Blocks\BluecadetViews\src">
      <UniqueIdentifier>{5CAC39AD-578A-4AD9-847F-3485EB54950A}</UniqueIdentifier>
    </Filter>
    <Filter Include="Blocks\OSC">
      <UniqueIdentifier>{CC66D39D-4FEC-413F-828E-8C4DF13439A4}</UniqueIdentifier>
    </Filter>
    <Filter Include="Blocks\OSC\src">
      <UniqueIdentifier>{3862B425-6809-4A10-9C04-BB296D0EE346}</UniqueIdentifier>
    </Filter>
    <Filter Include="Blocks\TUIO">
      <UniqueIdentifier>{BAF81D31-1E09-4C20-A484-0C0EB031B74C}</UniqueIdentifier>
    </Filter>
    <Filter Include="Blocks\TUIO\src">
      <UniqueIdentifier>{2EE82CDE-E477-4681-8FCC-157F6347A149}</UniqueIdentifier>
    </Filter>
    <Filter Include="Source Files\Content">
      <UniqueIdentifier>{974a3443-d550-4ecb-8243-45786a57c172}</UniqueIdentifier>
    </Filter>
    <Filter Include="Blocks\BluecadetText\src\bluecadet">
      <UniqueIdentifier>{b7942562-d031-43eb-af2c-43dcb462f821}</UniqueIdentifier>
    </Filter>
    <Filter Include="Blocks\BluecadetText\src\bluecadet\text">
      <UniqueIdentifier>{3c6a6695-829b-498c-b969-ef2caaaae572}</UniqueIdentifier>
    </Filter>
    <Filter Include="Blocks\BluecadetViews\src\bluecadet">
      <UniqueIdentifier>{6d65e7be-fb34-4c12-8a37-dbe7a7fd3133}</UniqueIdentifier>
    </Filter>
    <Filter Include="Blocks\BluecadetViews\src\bluecadet\core">
      <UniqueIdentifier>{3fb29099-d914-4ca4-ac89-9b246230f7e0}</UniqueIdentifier>
    </Filter>
    <Filter Include="Blocks\BluecadetViews\src\bluecadet\touch">
      <UniqueIdentifier>{cc17c7a3-6af1-4479-aff4-479bb7bd4ec0}</UniqueIdentifier>
    </Filter>
    <Filter Include="Blocks\BluecadetViews\src\bluecadet\touch\drivers">
      <UniqueIdentifier>{eb03ec10-3b75-4203-81f2-f65786fb290c}</UniqueIdentifier>
    </Filter>
    <Filter Include="Blocks\BluecadetViews\src\bluecadet\views">
      <UniqueIdentifier>{c9d77ef5-1b6b-4018-aee6-ba3d2749b9c3}</UniqueIdentifier>
    </Filter>
  </ItemGroup>
  <ItemGroup>
    <ClCompile Include="..\src\NestedViewsSampleApp.cpp">
      <Filter>Source Files</Filter>
    </ClCompile>
    <ClCompile Include="..\src\NestedViewsSampleApp.cpp">
      <Filter>Source Files</Filter>
    </ClCompile>
    <ClInclude Include="..\include\Resources.h">
      <Filter>Header Files</Filter>
    </ClInclude>
    <ClCompile Include="..\src\ContentController.cpp">
      <Filter>Source Files</Filter>
    </ClCompile>
    <ClCompile Include="..\src\Content\DetailImage.cpp">
      <Filter>Source Files\Content</Filter>
    </ClCompile>
    <ClCompile Include="..\src\Content\Header.cpp">
      <Filter>Source Files\Content</Filter>
    </ClCompile>
    <ClCompile Include="..\..\..\..\OSC\src\cinder\osc\Osc.cpp">
      <Filter>Blocks\OSC\src</Filter>
    </ClCompile>
    <ClCompile Include="..\..\..\..\TUIO\src\cinder\tuio\Tuio.cpp">
      <Filter>Blocks\TUIO\src</Filter>
    </ClCompile>
    <ClCompile Include="..\..\..\..\Cinder-BluecadetText\src\bluecadet\text\FontManager.cpp">
      <Filter>Blocks\BluecadetText\src\bluecadet\text</Filter>
    </ClCompile>
    <ClCompile Include="..\..\..\..\Cinder-BluecadetText\src\bluecadet\text\StyledTextLayout.cpp">
      <Filter>Blocks\BluecadetText\src\bluecadet\text</Filter>
    </ClCompile>
    <ClCompile Include="..\..\..\..\Cinder-BluecadetText\src\bluecadet\text\StyledTextParser.cpp">
      <Filter>Blocks\BluecadetText\src\bluecadet\text</Filter>
    </ClCompile>
    <ClCompile Include="..\..\..\..\Cinder-BluecadetText\src\bluecadet\text\StyleManager.cpp">
      <Filter>Blocks\BluecadetText\src\bluecadet\text</Filter>
    </ClCompile>
    <ClCompile Include="..\..\..\src\bluecadet\core\BaseApp.cpp">
      <Filter>Blocks\BluecadetViews\src\bluecadet\core</Filter>
    </ClCompile>
    <ClCompile Include="..\..\..\src\bluecadet\core\ScreenCamera.cpp">
      <Filter>Blocks\BluecadetViews\src\bluecadet\core</Filter>
    </ClCompile>
    <ClCompile Include="..\..\..\src\bluecadet\core\ScreenLayout.cpp">
      <Filter>Blocks\BluecadetViews\src\bluecadet\core</Filter>
    </ClCompile>
    <ClCompile Include="..\..\..\src\bluecadet\core\SettingsManager.cpp">
      <Filter>Blocks\BluecadetViews\src\bluecadet\core</Filter>
    </ClCompile>
    <ClCompile Include="..\..\..\src\bluecadet\touch\drivers\MouseDriver.cpp">
      <Filter>Blocks\BluecadetViews\src\bluecadet\touch\drivers</Filter>
    </ClCompile>
    <ClCompile Include="..\..\..\src\bluecadet\touch\drivers\NativeTouchDriver.cpp">
      <Filter>Blocks\BluecadetViews\src\bluecadet\touch\drivers</Filter>
    </ClCompile>
    <ClCompile Include="..\..\..\src\bluecadet\touch\drivers\SimulatedTouchDriver.cpp">
      <Filter>Blocks\BluecadetViews\src\bluecadet\touch\drivers</Filter>
    </ClCompile>
    <ClCompile Include="..\..\..\src\bluecadet\touch\drivers\TuioDriver.cpp">
      <Filter>Blocks\BluecadetViews\src\bluecadet\touch\drivers</Filter>
    </ClCompile>
    <ClCompile Include="..\..\..\src\bluecadet\touch\Touch.cpp">
      <Filter>Blocks\BluecadetViews\src\bluecadet\touch</Filter>
    </ClCompile>
    <ClCompile Include="..\..\..\src\bluecadet\touch\TouchManager.cpp">
      <Filter>Blocks\BluecadetViews\src\bluecadet\touch</Filter>
    </ClCompile>
    <ClCompile Include="..\..\..\src\bluecadet\views\BaseView.cpp">
      <Filter>Blocks\BluecadetViews\src\bluecadet\views</Filter>
    </ClCompile>
    <ClCompile Include="..\..\..\src\bluecadet\views\CircleOutlineView.cpp">
      <Filter>Blocks\BluecadetViews\src\bluecadet\views</Filter>
    </ClCompile>
    <ClCompile Include="..\..\..\src\bluecadet\views\EllipseView.cpp">
      <Filter>Blocks\BluecadetViews\src\bluecadet\views</Filter>
    </ClCompile>
    <ClCompile Include="..\..\..\src\bluecadet\views\FboView.cpp">
      <Filter>Blocks\BluecadetViews\src\bluecadet\views</Filter>
    </ClCompile>
    <ClCompile Include="..\..\..\src\bluecadet\views\GraphView.cpp">
      <Filter>Blocks\BluecadetViews\src\bluecadet\views</Filter>
    </ClCompile>
    <ClCompile Include="..\..\..\src\bluecadet\views\ImageView.cpp">
      <Filter>Blocks\BluecadetViews\src\bluecadet\views</Filter>
    </ClCompile>
    <ClCompile Include="..\..\..\src\bluecadet\views\LineView.cpp">
      <Filter>Blocks\BluecadetViews\src\bluecadet\views</Filter>
    </ClCompile>
    <ClCompile Include="..\..\..\src\bluecadet\views\MiniMapView.cpp">
      <Filter>Blocks\BluecadetViews\src\bluecadet\views</Filter>
    </ClCompile>
    <ClCompile Include="..\..\..\src\bluecadet\views\StatsView.cpp">
      <Filter>Blocks\BluecadetViews\src\bluecadet\views</Filter>
    </ClCompile>
    <ClCompile Include="..\..\..\src\bluecadet\views\TextView.cpp">
      <Filter>Blocks\BluecadetViews\src\bluecadet\views</Filter>
    </ClCompile>
    <ClCompile Include="..\..\..\src\bluecadet\views\TouchView.cpp">
      <Filter>Blocks\BluecadetViews\src\bluecadet\views</Filter>
    </ClCompile>
    <ClCompile Include="..\..\..\src\bluecadet\views\ViewEvent.cpp">
      <Filter>Blocks\BluecadetViews\src\bluecadet\views</Filter>
    </ClCompile>
  </ItemGroup>
  <ItemGroup>
    <ClInclude Include="..\include\Resources.h">
      <Filter>Header Files</Filter>
    </ClInclude>
    <ClInclude Include="..\src\ContentController.h">
      <Filter>Source Files</Filter>
    </ClInclude>
    <ClInclude Include="..\src\Content\DetailImage.h">
      <Filter>Source Files\Content</Filter>
    </ClInclude>
    <ClInclude Include="..\src\Content\Header.h">
      <Filter>Source Files\Content</Filter>
    </ClInclude>
    <ClInclude Include="..\..\..\..\OSC\src\cinder\osc\Osc.h">
      <Filter>Blocks\OSC\src</Filter>
    </ClInclude>
    <ClInclude Include="..\..\..\..\TUIO\src\cinder\tuio\Tuio.h">
      <Filter>Blocks\TUIO\src</Filter>
    </ClInclude>
    <ClInclude Include="..\..\..\..\Cinder-BluecadetText\src\bluecadet\text\FontManager.h">
      <Filter>Blocks\BluecadetText\src\bluecadet\text</Filter>
    </ClInclude>
    <ClInclude Include="..\..\..\..\Cinder-BluecadetText\src\bluecadet\text\StyledTextLayout.h">
      <Filter>Blocks\BluecadetText\src\bluecadet\text</Filter>
    </ClInclude>
    <ClInclude Include="..\..\..\..\Cinder-BluecadetText\src\bluecadet\text\StyledTextParser.h">
      <Filter>Blocks\BluecadetText\src\bluecadet\text</Filter>
    </ClInclude>
    <ClInclude Include="..\..\..\..\Cinder-BluecadetText\src\bluecadet\text\StyleManager.h">
      <Filter>Blocks\BluecadetText\src\bluecadet\text</Filter>
    </ClInclude>
    <ClInclude Include="..\..\..\..\Cinder-BluecadetText\src\bluecadet\text\Text.h">
      <Filter>Blocks\BluecadetText\src\bluecadet\text</Filter>
    </ClInclude>
    <ClInclude Include="..\..\..\src\bluecadet\core\BaseApp.h">
      <Filter>Blocks\BluecadetViews\src\bluecadet\core</Filter>
    </ClInclude>
    <ClInclude Include="..\..\..\src\bluecadet\core\ScreenCamera.h">
      <Filter>Blocks\BluecadetViews\src\bluecadet\core</Filter>
    </ClInclude>
    <ClInclude Include="..\..\..\src\bluecadet\core\ScreenLayout.h">
      <Filter>Blocks\BluecadetViews\src\bluecadet\core</Filter>
    </ClInclude>
    <ClInclude Include="..\..\..\src\bluecadet\core\SettingsManager.h">
      <Filter>Blocks\BluecadetViews\src\bluecadet\core</Filter>
    </ClInclude>
    <ClInclude Include="..\..\..\src\bluecadet\touch\drivers\MouseDriver.h">
      <Filter>Blocks\BluecadetViews\src\bluecadet\touch\drivers</Filter>
    </ClInclude>
    <ClInclude Include="..\..\..\src\bluecadet\touch\drivers\NativeTouchDriver.h">
      <Filter>Blocks\BluecadetViews\src\bluecadet\touch\drivers</Filter>
    </ClInclude>
    <ClInclude Include="..\..\..\src\bluecadet\touch\drivers\SimulatedTouchDriver.h">
      <Filter>Blocks\BluecadetViews\src\bluecadet\touch\drivers</Filter>
    </ClInclude>
    <ClInclude Include="..\..\..\src\bluecadet\touch\drivers\TuioDriver.h">
      <Filter>Blocks\BluecadetViews\src\bluecadet\touch\drivers</Filter>
    </ClInclude>
    <ClInclude Include="..\..\..\src\bluecadet\touch\Touch.h">
      <Filter>Blocks\BluecadetViews\src\bluecadet\touch</Filter>
    </ClInclude>
    <ClInclude Include="..\..\..\src\bluecadet\touch\TouchManager.h">
      <Filter>Blocks\BluecadetViews\src\bluecadet\touch</Filter>
    </ClInclude>
    <ClInclude Include="..\..\..\src\bluecadet\views\BaseView.h">
      <Filter>Blocks\BluecadetViews\src\bluecadet\views</Filter>
    </ClInclude>
    <ClInclude Include="..\..\..\src\bluecadet\views\CircleOutlineView.h">
      <Filter>Blocks\BluecadetViews\src\bluecadet\views</Filter>
    </ClInclude>
    <ClInclude Include="..\..\..\src\bluecadet\views\EllipseView.h">
      <Filter>Blocks\BluecadetViews\src\bluecadet\views</Filter>
    </ClInclude>
    <ClInclude Include="..\..\..\src\bluecadet\views\FboView.h">
      <Filter>Blocks\BluecadetViews\src\bluecadet\views</Filter>
    </ClInclude>
    <ClInclude Include="..\..\..\src\bluecadet\views\GraphView.h">
      <Filter>Blocks\BluecadetViews\src\bluecadet\views</Filter>
    </ClInclude>
    <ClInclude Include="..\..\..\src\bluecadet\views\ImageView.h">
      <Filter>Blocks\BluecadetViews\src\bluecadet\views</Filter>
    </ClInclude>
    <ClInclude Include="..\..\..\src\bluecadet\views\LineView.h">
      <Filter>Blocks\BluecadetViews\src\bluecadet\views</Filter>
    </ClInclude>
    <ClInclude Include="..\..\..\src\bluecadet\views\MiniMapView.h">
      <Filter>Blocks\BluecadetViews\src\bluecadet\views</Filter>
    </ClInclude>
    <ClInclude Include="..\..\..\src\bluecadet\views\StatsView.h">
      <Filter>Blocks\BluecadetViews\src\bluecadet\views</Filter>
    </ClInclude>
    <ClInclude Include="..\..\..\src\bluecadet\views\TextView.h">
      <Filter>Blocks\BluecadetViews\src\bluecadet\views</Filter>
    </ClInclude>
    <ClInclude Include="..\..\..\src\bluecadet\views\TouchView.h">
      <Filter>Blocks\BluecadetViews\src\bluecadet\views</Filter>
    </ClInclude>
    <ClInclude Include="..\..\..\src\bluecadet\views\ViewEvent.h">
      <Filter>Blocks\BluecadetViews\src\bluecadet\views</Filter>
    </ClInclude>
  </ItemGroup>
  <ItemGroup>
    <ResourceCompile Include="Resources.rc">
      <Filter>Resource Files</Filter>
    </ResourceCompile>
  </ItemGroup>
</Project>