<?xml version="1.0" encoding="utf-8"?>
<Project ToolsVersion="4.0" xmlns="http://schemas.microsoft.com/developer/msbuild/2003">
  <ItemGroup>
    <Filter Include="Source Files">
      <UniqueIdentifier>{4FC737F1-C7A5-4376-A066-2A32D752A2FF}</UniqueIdentifier>
      <Extensions>cpp;c;cc;cxx;def;odl;idl;hpj;bat;asm;asmx</Extensions>
    </Filter>
    <Filter Include="Header Files">
      <UniqueIdentifier>{93995380-89BD-4b04-88EB-625FBE52EBFB}</UniqueIdentifier>
      <Extensions>h;hpp;hxx;hm;inl;inc;xsd</Extensions>
    </Filter>
    <Filter Include="Resource Files">
      <UniqueIdentifier>{67DA6AB6-F800-4c08-8B7A-83BB121AAD01}</UniqueIdentifier>
      <Extensions>rc;ico;cur;bmp;dlg;rc2;rct;bin;rgs;gif;jpg;jpeg;jpe;resx;tiff;tif;png;wav</Extensions>
    </Filter>
    <Filter Include="Blocks">
      <UniqueIdentifier>{7AB0AA71-7878-434C-AB57-7AAC2D5A52EB}</UniqueIdentifier>
    </Filter>
    <Filter Include="Blocks\BluecadetTouch">
      <UniqueIdentifier>{F2FBCC8C-3280-4427-980F-130333C00C27}</UniqueIdentifier>
    </Filter>
    <Filter Include="Blocks\BluecadetTouch\src">
      <UniqueIdentifier>{2D52FE2F-234F-42EF-A7EE-EF7F306FC974}</UniqueIdentifier>
    </Filter>
    <Filter Include="Blocks\BluecadetViews">
      <UniqueIdentifier>{9F994A57-45B5-4D6E-8AAD-ACDF910F4B27}</UniqueIdentifier>
    </Filter>
    <Filter Include="Blocks\BluecadetViews\src">
      <UniqueIdentifier>{62D99F66-9154-4905-9EF5-E26B6E4DA6BD}</UniqueIdentifier>
    </Filter>
    <Filter Include="Blocks\OSC">
      <UniqueIdentifier>{6CBEE6D0-2C0E-4C47-9C46-C013E6E8BE58}</UniqueIdentifier>
    </Filter>
    <Filter Include="Blocks\OSC\src">
      <UniqueIdentifier>{64E98563-8E0B-42B4-84E7-90508DE0004A}</UniqueIdentifier>
    </Filter>
    <Filter Include="Blocks\TUIO">
      <UniqueIdentifier>{53A82C07-EC5A-4B9B-94D1-B81D336E8BC0}</UniqueIdentifier>
    </Filter>
    <Filter Include="Blocks\TUIO\src">
      <UniqueIdentifier>{ED9A217F-D407-4E6A-91E5-A84AA5BA0C35}</UniqueIdentifier>
    </Filter>
    <Filter Include="Blocks\BluecadetTouch\src\drivers">
      <UniqueIdentifier>{12c99da6-0f9c-4980-aa42-5c5fd3eb796a}</UniqueIdentifier>
    </Filter>
    <Filter Include="Blocks\BluecadetViews\src\debug">
      <UniqueIdentifier>{b1433bf1-5961-4fd0-a3ed-9e49bc04f1fa}</UniqueIdentifier>
    </Filter>
  </ItemGroup>
  <ItemGroup>
    <ClCompile Include="..\src\ShapeViewSampleApp.cpp">
      <Filter>Source Files</Filter>
    </ClCompile>
    <ClCompile Include="..\src\ShapeViewSampleApp.cpp">
      <Filter>Source Files</Filter>
    </ClCompile>
    <ClInclude Include="..\include\Resources.h">
      <Filter>Header Files</Filter>
    </ClInclude>
    <ClCompile Include="..\..\..\..\Cinder-BluecadetTouch\src\TouchManager.cpp">
      <Filter>Blocks\BluecadetTouch\src</Filter>
    </ClCompile>
    <ClInclude Include="..\..\..\..\Cinder-BluecadetTouch\src\TouchManager.h">
      <Filter>Blocks\BluecadetTouch\src</Filter>
    </ClInclude>
    <ClCompile Include="..\..\..\src\BaseView.cpp">
      <Filter>Blocks\BluecadetViews\src</Filter>
    </ClCompile>
    <ClCompile Include="..\..\..\src\ShapeView.cpp">
      <Filter>Blocks\BluecadetViews\src</Filter>
    </ClCompile>
    <ClCompile Include="..\..\..\src\TouchView.cpp">
      <Filter>Blocks\BluecadetViews\src</Filter>
    </ClCompile>
    <ClInclude Include="..\..\..\src\BaseView.h">
      <Filter>Blocks\BluecadetViews\src</Filter>
    </ClInclude>
    <ClInclude Include="..\..\..\src\ShapeView.h">
      <Filter>Blocks\BluecadetViews\src</Filter>
    </ClInclude>
    <ClInclude Include="..\..\..\src\TouchView.h">
      <Filter>Blocks\BluecadetViews\src</Filter>
    </ClInclude>
    <ClCompile Include="..\..\..\..\OSC\src\Osc.cpp">
      <Filter>Blocks\OSC\src</Filter>
    </ClCompile>
    <ClInclude Include="..\..\..\..\OSC\src\Osc.h">
      <Filter>Blocks\OSC\src</Filter>
    </ClInclude>
    <ClCompile Include="..\..\..\..\TUIO\src\Tuio.cpp">
      <Filter>Blocks\TUIO\src</Filter>
    </ClCompile>
    <ClInclude Include="..\..\..\..\TUIO\src\Tuio.h">
      <Filter>Blocks\TUIO\src</Filter>
    </ClInclude>
    <ClCompile Include="..\..\..\..\Cinder-BluecadetTouch\src\drivers\MouseDriver.cpp">
      <Filter>Blocks\BluecadetTouch\src\drivers</Filter>
    </ClCompile>
    <ClCompile Include="..\..\..\..\Cinder-BluecadetTouch\src\drivers\NativeTouchDriver.cpp">
      <Filter>Blocks\BluecadetTouch\src\drivers</Filter>
    </ClCompile>
    <ClCompile Include="..\..\..\..\Cinder-BluecadetTouch\src\drivers\SimulatedTouchDriver.cpp">
      <Filter>Blocks\BluecadetTouch\src\drivers</Filter>
    </ClCompile>
    <ClCompile Include="..\..\..\..\Cinder-BluecadetTouch\src\drivers\TuioDriver.cpp">
      <Filter>Blocks\BluecadetTouch\src\drivers</Filter>
    </ClCompile>
    <ClCompile Include="..\..\..\src\debug\StatsView.cpp">
      <Filter>Blocks\BluecadetViews\src\debug</Filter>
    </ClCompile>
    <ClCompile Include="..\..\..\src\debug\RectButton.cpp">
      <Filter>Blocks\BluecadetViews\src\debug</Filter>
    </ClCompile>
    <ClCompile Include="..\..\..\src\debug\RectView.cpp">
      <Filter>Blocks\BluecadetViews\src\debug</Filter>
    </ClCompile>
  </ItemGroup>
  <ItemGroup>
    <ClInclude Include="..\include\Resources.h">
      <Filter>Header Files</Filter>
    </ClInclude>
    <ClInclude Include="..\..\..\..\Cinder-BluecadetTouch\src\drivers\MouseDriver.h">
      <Filter>Blocks\BluecadetTouch\src\drivers</Filter>
    </ClInclude>
    <ClInclude Include="..\..\..\..\Cinder-BluecadetTouch\src\drivers\NativeTouchDriver.h">
      <Filter>Blocks\BluecadetTouch\src\drivers</Filter>
    </ClInclude>
    <ClInclude Include="..\..\..\..\Cinder-BluecadetTouch\src\drivers\SimulatedTouchDriver.h">
      <Filter>Blocks\BluecadetTouch\src\drivers</Filter>
    </ClInclude>
    <ClInclude Include="..\..\..\..\Cinder-BluecadetTouch\src\drivers\TuioDriver.h">
      <Filter>Blocks\BluecadetTouch\src\drivers</Filter>
    </ClInclude>
    <ClInclude Include="..\..\..\src\debug\RectView.h">
      <Filter>Blocks\BluecadetViews\src\debug</Filter>
    </ClInclude>
    <ClInclude Include="..\..\..\src\debug\StatsView.h">
      <Filter>Blocks\BluecadetViews\src\debug</Filter>
    </ClInclude>
    <ClInclude Include="..\..\..\src\debug\RectButton.h">
      <Filter>Blocks\BluecadetViews\src\debug</Filter>
    </ClInclude>
  </ItemGroup>
  <ItemGroup>
    <ResourceCompile Include="Resources.rc">
      <Filter>Resource Files</Filter>
    </ResourceCompile>
  </ItemGroup>
</Project>