<Project ToolsVersion="4.0" xmlns="http://schemas.microsoft.com/developer/msbuild/2003">
  <ItemGroup>
    <Filter Include="Source Files">
      <UniqueIdentifier>{4FC737F1-C7A5-4376-A066-2A32D752A2FF}</UniqueIdentifier>
      <Extensions>cpp;c;cc;cxx;def;odl;idl;hpj;bat;asm;asmx</Extensions>
    </Filter>
    <Filter Include="Header Files">
      <UniqueIdentifier>{93995380-89BD-4b04-88EB-625FBE52EBFB}</UniqueIdentifier>
      <Extensions>h;hpp;hxx;hm;inl;inc;xsd</Extensions>
    </Filter>
    <Filter Include="Resource Files">
      <UniqueIdentifier>{67DA6AB6-F800-4c08-8B7A-83BB121AAD01}</UniqueIdentifier>
      <Extensions>rc;ico;cur;bmp;dlg;rc2;rct;bin;rgs;gif;jpg;jpeg;jpe;resx;tiff;tif;png;wav</Extensions>
    </Filter>
    <Filter Include="Blocks">
      <UniqueIdentifier>{61FD23C9-772D-49E5-BCE7-0DF9D050E23C}</UniqueIdentifier>
    </Filter>
    <Filter Include="Blocks\BluecadetText">
      <UniqueIdentifier>{C9CE11FF-FF0B-4E2A-A5E7-5BCB6AECAD2D}</UniqueIdentifier>
    </Filter>
    <Filter Include="Blocks\BluecadetText\src">
      <UniqueIdentifier>{ABB151D6-DBD4-400B-BFB3-81019820B45A}</UniqueIdentifier>
    </Filter>
    <Filter Include="Blocks\BluecadetText\src\bluecadet">
      <UniqueIdentifier>{915B9A3B-A7D2-4347-B192-33C97CBB3573}</UniqueIdentifier>
    </Filter>
    <Filter Include="Blocks\BluecadetText\src\bluecadet\text">
      <UniqueIdentifier>{BD9C54BA-2711-4616-90F6-578300C93DA2}</UniqueIdentifier>
    </Filter>
    <Filter Include="Blocks\BluecadetViews">
      <UniqueIdentifier>{3E6996BD-35E9-490A-BA7B-4F208A62A80C}</UniqueIdentifier>
    </Filter>
    <Filter Include="Blocks\BluecadetViews\src">
      <UniqueIdentifier>{7484E0A1-E5A1-4696-9A79-EF4E580209F0}</UniqueIdentifier>
    </Filter>
    <Filter Include="Blocks\BluecadetViews\src\bluecadet">
      <UniqueIdentifier>{8AF048CC-B960-4613-A141-22C323FD9044}</UniqueIdentifier>
    </Filter>
    <Filter Include="Blocks\BluecadetViews\src\bluecadet\core">
      <UniqueIdentifier>{3F5664DD-0B20-4EEE-B674-571A8726445A}</UniqueIdentifier>
    </Filter>
    <Filter Include="Blocks\BluecadetViews\src\bluecadet\views">
      <UniqueIdentifier>{758C202D-FE92-420A-93F0-364E488571A8}</UniqueIdentifier>
    </Filter>
    <Filter Include="Blocks\BluecadetViews\src\bluecadet\touch">
      <UniqueIdentifier>{C2AEE13A-C888-425C-B33A-2B28577BDD51}</UniqueIdentifier>
    </Filter>
    <Filter Include="Blocks\BluecadetViews\src\bluecadet\touch\drivers">
      <UniqueIdentifier>{345B7C50-B76B-41F3-81D8-95E711EA6E4B}</UniqueIdentifier>
    </Filter>
    <Filter Include="Blocks\OSC">
      <UniqueIdentifier>{8FF1036A-3A78-48AD-BFDF-E0ABEB9FEE08}</UniqueIdentifier>
    </Filter>
    <Filter Include="Blocks\OSC\src">
      <UniqueIdentifier>{2BD88937-1FEC-4985-BCF6-B04619DA130D}</UniqueIdentifier>
    </Filter>
    <Filter Include="Blocks\OSC\src\cinder">
      <UniqueIdentifier>{62F3C051-2260-487B-9DCF-826AC4C103A2}</UniqueIdentifier>
    </Filter>
    <Filter Include="Blocks\OSC\src\cinder\osc">
      <UniqueIdentifier>{75380B8F-4C46-47B8-8DBE-626D2D1FB50A}</UniqueIdentifier>
    </Filter>
    <Filter Include="Blocks\TUIO">
      <UniqueIdentifier>{6AF436C4-CC49-4661-BC82-B83B5460E032}</UniqueIdentifier>
    </Filter>
    <Filter Include="Blocks\TUIO\src">
      <UniqueIdentifier>{093AFD5E-83E4-4378-8DCC-C9A62DA2C8F1}</UniqueIdentifier>
    </Filter>
    <Filter Include="Blocks\TUIO\src\cinder">
      <UniqueIdentifier>{A77EF441-5D02-48F9-A2F7-6D93DA9C92A7}</UniqueIdentifier>
    </Filter>
    <Filter Include="Blocks\TUIO\src\cinder\tuio">
      <UniqueIdentifier>{6B6749A5-4269-4BEA-8490-163AC0CB2C9E}</UniqueIdentifier>
    </Filter>
  </ItemGroup>
  <ItemGroup>
    <ClCompile Include="..\src\BlendModesSampleApp.cpp">
      <Filter>Source Files</Filter>
    </ClCompile>
    <ClCompile Include="..\src\BlendModesSampleApp.cpp">
      <Filter>Source Files</Filter>
    </ClCompile>
    <ClInclude Include="..\include\Resources.h">
      <Filter>Header Files</Filter>
    </ClInclude>
    <ClCompile Include="..\..\..\..\Cinder-BluecadetText\src\bluecadet\text\FontManager.cpp">
      <Filter>Blocks\BluecadetText\src\bluecadet\text</Filter>
    </ClCompile>
    <ClCompile Include="..\..\..\..\Cinder-BluecadetText\src\bluecadet\text\StyledTextLayout.cpp">
      <Filter>Blocks\BluecadetText\src\bluecadet\text</Filter>
    </ClCompile>
    <ClCompile Include="..\..\..\..\Cinder-BluecadetText\src\bluecadet\text\StyledTextParser.cpp">
      <Filter>Blocks\BluecadetText\src\bluecadet\text</Filter>
    </ClCompile>
    <ClCompile Include="..\..\..\..\Cinder-BluecadetText\src\bluecadet\text\StyleManager.cpp">
      <Filter>Blocks\BluecadetText\src\bluecadet\text</Filter>
    </ClCompile>
    <ClInclude Include="..\..\..\..\Cinder-BluecadetText\src\bluecadet\text\FontManager.h">
      <Filter>Blocks\BluecadetText\src\bluecadet\text</Filter>
    </ClInclude>
    <ClInclude Include="..\..\..\..\Cinder-BluecadetText\src\bluecadet\text\StyledTextLayout.h">
      <Filter>Blocks\BluecadetText\src\bluecadet\text</Filter>
    </ClInclude>
    <ClInclude Include="..\..\..\..\Cinder-BluecadetText\src\bluecadet\text\StyledTextParser.h">
      <Filter>Blocks\BluecadetText\src\bluecadet\text</Filter>
    </ClInclude>
    <ClInclude Include="..\..\..\..\Cinder-BluecadetText\src\bluecadet\text\StyleManager.h">
      <Filter>Blocks\BluecadetText\src\bluecadet\text</Filter>
    </ClInclude>
    <ClInclude Include="..\..\..\..\Cinder-BluecadetText\src\bluecadet\text\Text.h">
      <Filter>Blocks\BluecadetText\src\bluecadet\text</Filter>
    </ClInclude>
    <ClInclude Include="..\..\..\src\bluecadet\core\BaseApp.h">
      <Filter>Blocks\BluecadetViews\src\bluecadet\core</Filter>
    </ClInclude>
    <ClInclude Include="..\..\..\src\bluecadet\core\ScreenCamera.h">
      <Filter>Blocks\BluecadetViews\src\bluecadet\core</Filter>
    </ClInclude>
    <ClInclude Include="..\..\..\src\bluecadet\core\ScreenLayout.h">
      <Filter>Blocks\BluecadetViews\src\bluecadet\core</Filter>
    </ClInclude>
    <ClInclude Include="..\..\..\src\bluecadet\core\SettingsManager.h">
      <Filter>Blocks\BluecadetViews\src\bluecadet\core</Filter>
    </ClInclude>
    <ClCompile Include="..\..\..\src\bluecadet\core\BaseApp.cpp">
      <Filter>Blocks\BluecadetViews\src\bluecadet\core</Filter>
    </ClCompile>
    <ClCompile Include="..\..\..\src\bluecadet\core\ScreenCamera.cpp">
      <Filter>Blocks\BluecadetViews\src\bluecadet\core</Filter>
    </ClCompile>
    <ClCompile Include="..\..\..\src\bluecadet\core\ScreenLayout.cpp">
      <Filter>Blocks\BluecadetViews\src\bluecadet\core</Filter>
    </ClCompile>
    <ClCompile Include="..\..\..\src\bluecadet\core\SettingsManager.cpp">
      <Filter>Blocks\BluecadetViews\src\bluecadet\core</Filter>
    </ClCompile>
    <ClInclude Include="..\..\..\src\bluecadet\views\AnimatedView.h">
      <Filter>Blocks\BluecadetViews\src\bluecadet\views</Filter>
    </ClInclude>
    <ClInclude Include="..\..\..\src\bluecadet\views\AnimOperators.h">
      <Filter>Blocks\BluecadetViews\src\bluecadet\views</Filter>
    </ClInclude>
    <ClInclude Include="..\..\..\src\bluecadet\views\ArcView.h">
      <Filter>Blocks\BluecadetViews\src\bluecadet\views</Filter>
    </ClInclude>
    <ClInclude Include="..\..\..\src\bluecadet\views\BaseView.h">
      <Filter>Blocks\BluecadetViews\src\bluecadet\views</Filter>
    </ClInclude>
    <ClInclude Include="..\..\..\src\bluecadet\views\EllipseView.h">
      <Filter>Blocks\BluecadetViews\src\bluecadet\views</Filter>
    </ClInclude>
    <ClInclude Include="..\..\..\src\bluecadet\views\FboView.h">
      <Filter>Blocks\BluecadetViews\src\bluecadet\views</Filter>
    </ClInclude>
    <ClInclude Include="..\..\..\src\bluecadet\views\GraphView.h">
      <Filter>Blocks\BluecadetViews\src\bluecadet\views</Filter>
    </ClInclude>
    <ClInclude Include="..\..\..\src\bluecadet\views\ImageView.h">
      <Filter>Blocks\BluecadetViews\src\bluecadet\views</Filter>
    </ClInclude>
    <ClInclude Include="..\..\..\src\bluecadet\views\LineView.h">
      <Filter>Blocks\BluecadetViews\src\bluecadet\views</Filter>
    </ClInclude>
    <ClInclude Include="..\..\..\src\bluecadet\views\MaskView.h">
      <Filter>Blocks\BluecadetViews\src\bluecadet\views</Filter>
    </ClInclude>
    <ClInclude Include="..\..\..\src\bluecadet\views\MiniMapView.h">
      <Filter>Blocks\BluecadetViews\src\bluecadet\views</Filter>
    </ClInclude>
    <ClInclude Include="..\..\..\src\bluecadet\views\StatsView.h">
      <Filter>Blocks\BluecadetViews\src\bluecadet\views</Filter>
    </ClInclude>
    <ClInclude Include="..\..\..\src\bluecadet\views\StrokedCircleView.h">
      <Filter>Blocks\BluecadetViews\src\bluecadet\views</Filter>
    </ClInclude>
    <ClInclude Include="..\..\..\src\bluecadet\views\StrokedRectView.h">
      <Filter>Blocks\BluecadetViews\src\bluecadet\views</Filter>
    </ClInclude>
    <ClInclude Include="..\..\..\src\bluecadet\views\TextView.h">
      <Filter>Blocks\BluecadetViews\src\bluecadet\views</Filter>
    </ClInclude>
    <ClInclude Include="..\..\..\src\bluecadet\views\TouchView.h">
      <Filter>Blocks\BluecadetViews\src\bluecadet\views</Filter>
    </ClInclude>
    <ClInclude Include="..\..\..\src\bluecadet\views\ViewEvent.h">
      <Filter>Blocks\BluecadetViews\src\bluecadet\views</Filter>
    </ClInclude>
    <ClCompile Include="..\..\..\src\bluecadet\views\AnimatedView.cpp">
      <Filter>Blocks\BluecadetViews\src\bluecadet\views</Filter>
    </ClCompile>
    <ClCompile Include="..\..\..\src\bluecadet\views\ArcView.cpp">
      <Filter>Blocks\BluecadetViews\src\bluecadet\views</Filter>
    </ClCompile>
    <ClCompile Include="..\..\..\src\bluecadet\views\BaseView.cpp">
      <Filter>Blocks\BluecadetViews\src\bluecadet\views</Filter>
    </ClCompile>
    <ClCompile Include="..\..\..\src\bluecadet\views\EllipseView.cpp">
      <Filter>Blocks\BluecadetViews\src\bluecadet\views</Filter>
    </ClCompile>
    <ClCompile Include="..\..\..\src\bluecadet\views\FboView.cpp">
      <Filter>Blocks\BluecadetViews\src\bluecadet\views</Filter>
    </ClCompile>
    <ClCompile Include="..\..\..\src\bluecadet\views\GraphView.cpp">
      <Filter>Blocks\BluecadetViews\src\bluecadet\views</Filter>
    </ClCompile>
    <ClCompile Include="..\..\..\src\bluecadet\views\ImageView.cpp">
      <Filter>Blocks\BluecadetViews\src\bluecadet\views</Filter>
    </ClCompile>
    <ClCompile Include="..\..\..\src\bluecadet\views\LineView.cpp">
      <Filter>Blocks\BluecadetViews\src\bluecadet\views</Filter>
    </ClCompile>
    <ClCompile Include="..\..\..\src\bluecadet\views\MaskView.cpp">
      <Filter>Blocks\BluecadetViews\src\bluecadet\views</Filter>
    </ClCompile>
    <ClCompile Include="..\..\..\src\bluecadet\views\MiniMapView.cpp">
      <Filter>Blocks\BluecadetViews\src\bluecadet\views</Filter>
    </ClCompile>
    <ClCompile Include="..\..\..\src\bluecadet\views\StatsView.cpp">
      <Filter>Blocks\BluecadetViews\src\bluecadet\views</Filter>
    </ClCompile>
    <ClCompile Include="..\..\..\src\bluecadet\views\StrokedCircleView.cpp">
      <Filter>Blocks\BluecadetViews\src\bluecadet\views</Filter>
    </ClCompile>
    <ClCompile Include="..\..\..\src\bluecadet\views\StrokedRectView.cpp">
      <Filter>Blocks\BluecadetViews\src\bluecadet\views</Filter>
    </ClCompile>
    <ClCompile Include="..\..\..\src\bluecadet\views\TextView.cpp">
      <Filter>Blocks\BluecadetViews\src\bluecadet\views</Filter>
    </ClCompile>
    <ClCompile Include="..\..\..\src\bluecadet\views\TouchView.cpp">
      <Filter>Blocks\BluecadetViews\src\bluecadet\views</Filter>
    </ClCompile>
    <ClCompile Include="..\..\..\src\bluecadet\views\ViewEvent.cpp">
      <Filter>Blocks\BluecadetViews\src\bluecadet\views</Filter>
    </ClCompile>
    <ClInclude Include="..\..\..\src\bluecadet\touch\Touch.h">
      <Filter>Blocks\BluecadetViews\src\bluecadet\touch</Filter>
    </ClInclude>
    <ClInclude Include="..\..\..\src\bluecadet\touch\TouchManager.h">
      <Filter>Blocks\BluecadetViews\src\bluecadet\touch</Filter>
    </ClInclude>
    <ClInclude Include="..\..\..\src\bluecadet\touch\TouchManagerPlugin.h">
      <Filter>Blocks\BluecadetViews\src\bluecadet\touch</Filter>
    </ClInclude>
    <ClCompile Include="..\..\..\src\bluecadet\touch\Touch.cpp">
      <Filter>Blocks\BluecadetViews\src\bluecadet\touch</Filter>
    </ClCompile>
    <ClCompile Include="..\..\..\src\bluecadet\touch\TouchManager.cpp">
      <Filter>Blocks\BluecadetViews\src\bluecadet\touch</Filter>
    </ClCompile>
    <ClInclude Include="..\..\..\src\bluecadet\touch\drivers\MouseDriver.h">
      <Filter>Blocks\BluecadetViews\src\bluecadet\touch\drivers</Filter>
    </ClInclude>
    <ClInclude Include="..\..\..\src\bluecadet\touch\drivers\NativeTouchDriver.h">
      <Filter>Blocks\BluecadetViews\src\bluecadet\touch\drivers</Filter>
    </ClInclude>
    <ClInclude Include="..\..\..\src\bluecadet\touch\drivers\SimulatedTouchDriver.h">
      <Filter>Blocks\BluecadetViews\src\bluecadet\touch\drivers</Filter>
    </ClInclude>
    <ClInclude Include="..\..\..\src\bluecadet\touch\drivers\TuioDriver.h">
      <Filter>Blocks\BluecadetViews\src\bluecadet\touch\drivers</Filter>
    </ClInclude>
    <ClCompile Include="..\..\..\src\bluecadet\touch\drivers\MouseDriver.cpp">
      <Filter>Blocks\BluecadetViews\src\bluecadet\touch\drivers</Filter>
    </ClCompile>
    <ClCompile Include="..\..\..\src\bluecadet\touch\drivers\NativeTouchDriver.cpp">
      <Filter>Blocks\BluecadetViews\src\bluecadet\touch\drivers</Filter>
    </ClCompile>
    <ClCompile Include="..\..\..\src\bluecadet\touch\drivers\SimulatedTouchDriver.cpp">
      <Filter>Blocks\BluecadetViews\src\bluecadet\touch\drivers</Filter>
    </ClCompile>
    <ClCompile Include="..\..\..\src\bluecadet\touch\drivers\TuioDriver.cpp">
      <Filter>Blocks\BluecadetViews\src\bluecadet\touch\drivers</Filter>
    </ClCompile>
    <ClCompile Include="..\..\..\..\OSC\src\cinder\osc\Osc.cpp">
      <Filter>Blocks\OSC\src\cinder\osc</Filter>
    </ClCompile>
    <ClInclude Include="..\..\..\..\OSC\src\cinder\osc\Osc.h">
      <Filter>Blocks\OSC\src\cinder\osc</Filter>
    </ClInclude>
    <ClCompile Include="..\..\..\..\TUIO\src\cinder\tuio\Tuio.cpp">
      <Filter>Blocks\TUIO\src\cinder\tuio</Filter>
    </ClCompile>
    <ClInclude Include="..\..\..\..\TUIO\src\cinder\tuio\Tuio.h">
      <Filter>Blocks\TUIO\src\cinder\tuio</Filter>
    </ClInclude>
  </ItemGroup>
  <ItemGroup>
    <ClInclude Include="..\include\Resources.h">
      <Filter>Header Files</Filter>
    </ClInclude>
  </ItemGroup>
  <ItemGroup>
    <ResourceCompile Include="Resources.rc">
      <Filter>Resource Files</Filter>
    </ResourceCompile>
  </ItemGroup>
</Project>
