<?xml version="1.0" encoding="utf-8"?>
<Project ToolsVersion="4.0" xmlns="http://schemas.microsoft.com/developer/msbuild/2003">
  <ItemGroup>
    <Filter Include="Source Files">
      <UniqueIdentifier>{4FC737F1-C7A5-4376-A066-2A32D752A2FF}</UniqueIdentifier>
      <Extensions>cpp;c;cc;cxx;def;odl;idl;hpj;bat;asm;asmx</Extensions>
    </Filter>
    <Filter Include="Header Files">
      <UniqueIdentifier>{93995380-89BD-4b04-88EB-625FBE52EBFB}</UniqueIdentifier>
      <Extensions>h;hpp;hxx;hm;inl;inc;xsd</Extensions>
    </Filter>
    <Filter Include="Resource Files">
      <UniqueIdentifier>{67DA6AB6-F800-4c08-8B7A-83BB121AAD01}</UniqueIdentifier>
      <Extensions>rc;ico;cur;bmp;dlg;rc2;rct;bin;rgs;gif;jpg;jpeg;jpe;resx;tiff;tif;png;wav</Extensions>
    </Filter>
    <Filter Include="Blocks">
      <UniqueIdentifier>{F4D2A7C9-FA3E-4642-BE91-EA9ECFC39011}</UniqueIdentifier>
    </Filter>
    <Filter Include="Blocks\BluecadetText">
      <UniqueIdentifier>{9404C19F-E0DC-4DC8-B55B-CDCC8933D26D}</UniqueIdentifier>
    </Filter>
    <Filter Include="Blocks\BluecadetText\src">
      <UniqueIdentifier>{52B668DE-371C-47E0-8BDE-5446735468C8}</UniqueIdentifier>
    </Filter>
    <Filter Include="Blocks\BluecadetTouch">
      <UniqueIdentifier>{BED51C53-3734-4236-BE22-5E166B161372}</UniqueIdentifier>
    </Filter>
    <Filter Include="Blocks\BluecadetTouch\src">
      <UniqueIdentifier>{D6C1F948-4D44-43DD-B6E9-627D4A5E65C8}</UniqueIdentifier>
    </Filter>
    <Filter Include="Blocks\BluecadetTouch\src\drivers">
      <UniqueIdentifier>{B5168382-2C64-4845-9A5F-A5F21660A72C}</UniqueIdentifier>
    </Filter>
    <Filter Include="Blocks\BluecadetUtils">
      <UniqueIdentifier>{26B0A73F-C156-4B75-B51E-6A2EAFF7E69A}</UniqueIdentifier>
    </Filter>
    <Filter Include="Blocks\BluecadetUtils\src">
      <UniqueIdentifier>{658DB1B9-4801-4019-A431-48D414A378A0}</UniqueIdentifier>
    </Filter>
    <Filter Include="Blocks\BluecadetViews">
      <UniqueIdentifier>{6E784598-9A63-4A01-8EE0-48E5D59690A0}</UniqueIdentifier>
    </Filter>
    <Filter Include="Blocks\BluecadetViews\src">
      <UniqueIdentifier>{D3E81D5F-0359-4ABC-908D-8C81078F85EC}</UniqueIdentifier>
    </Filter>
    <Filter Include="Blocks\OSC">
      <UniqueIdentifier>{9DA7FE15-8BF0-49D2-9DF9-CECADF4D42F3}</UniqueIdentifier>
    </Filter>
    <Filter Include="Blocks\OSC\src">
      <UniqueIdentifier>{B8DDE6EC-3D0E-44C0-BC73-032BE712643E}</UniqueIdentifier>
    </Filter>
    <Filter Include="Blocks\TUIO">
      <UniqueIdentifier>{87748154-A0BB-4CB0-A428-18211DA92C0D}</UniqueIdentifier>
    </Filter>
    <Filter Include="Blocks\TUIO\src">
      <UniqueIdentifier>{4283D695-DD3E-492C-914D-29744D530925}</UniqueIdentifier>
    </Filter>
    <Filter Include="Blocks\BluecadetViews\src\debug">
      <UniqueIdentifier>{41271bcc-de48-4da1-84cf-96ea2d8d92bc}</UniqueIdentifier>
    </Filter>
  </ItemGroup>
  <ItemGroup>
    <ClCompile Include="..\src\AppSampleApp.cpp">
      <Filter>Source Files</Filter>
    </ClCompile>
    <ClCompile Include="..\src\AppSampleApp.cpp">
      <Filter>Source Files</Filter>
    </ClCompile>
    <ClInclude Include="..\include\Resources.h">
      <Filter>Header Files</Filter>
    </ClInclude>
    <ClCompile Include="..\..\..\..\Cinder-BluecadetText\src\FontManager.cpp">
      <Filter>Blocks\BluecadetText\src</Filter>
    </ClCompile>
    <ClCompile Include="..\..\..\..\Cinder-BluecadetText\src\StyledTextLayout.cpp">
      <Filter>Blocks\BluecadetText\src</Filter>
    </ClCompile>
    <ClCompile Include="..\..\..\..\Cinder-BluecadetText\src\StyledTextParser.cpp">
      <Filter>Blocks\BluecadetText\src</Filter>
    </ClCompile>
    <ClCompile Include="..\..\..\..\Cinder-BluecadetText\src\StyleManager.cpp">
      <Filter>Blocks\BluecadetText\src</Filter>
    </ClCompile>
    <ClInclude Include="..\..\..\..\Cinder-BluecadetText\src\FontManager.h">
      <Filter>Blocks\BluecadetText\src</Filter>
    </ClInclude>
    <ClInclude Include="..\..\..\..\Cinder-BluecadetText\src\StyledTextLayout.h">
      <Filter>Blocks\BluecadetText\src</Filter>
    </ClInclude>
    <ClInclude Include="..\..\..\..\Cinder-BluecadetText\src\StyledTextParser.h">
      <Filter>Blocks\BluecadetText\src</Filter>
    </ClInclude>
    <ClInclude Include="..\..\..\..\Cinder-BluecadetText\src\StyleManager.h">
      <Filter>Blocks\BluecadetText\src</Filter>
    </ClInclude>
    <ClInclude Include="..\..\..\..\Cinder-BluecadetText\src\Text.h">
      <Filter>Blocks\BluecadetText\src</Filter>
    </ClInclude>
    <ClCompile Include="..\..\..\..\Cinder-BluecadetTouch\src\TouchManager.cpp">
      <Filter>Blocks\BluecadetTouch\src</Filter>
    </ClCompile>
    <ClInclude Include="..\..\..\..\Cinder-BluecadetTouch\src\Touch.h">
      <Filter>Blocks\BluecadetTouch\src</Filter>
    </ClInclude>
    <ClInclude Include="..\..\..\..\Cinder-BluecadetTouch\src\TouchManager.h">
      <Filter>Blocks\BluecadetTouch\src</Filter>
    </ClInclude>
    <ClCompile Include="..\..\..\..\Cinder-BluecadetTouch\src\drivers\MouseDriver.cpp">
      <Filter>Blocks\BluecadetTouch\src\drivers</Filter>
    </ClCompile>
    <ClCompile Include="..\..\..\..\Cinder-BluecadetTouch\src\drivers\NativeTouchDriver.cpp">
      <Filter>Blocks\BluecadetTouch\src\drivers</Filter>
    </ClCompile>
    <ClCompile Include="..\..\..\..\Cinder-BluecadetTouch\src\drivers\SimulatedTouchDriver.cpp">
      <Filter>Blocks\BluecadetTouch\src\drivers</Filter>
    </ClCompile>
    <ClCompile Include="..\..\..\..\Cinder-BluecadetTouch\src\drivers\TuioDriver.cpp">
      <Filter>Blocks\BluecadetTouch\src\drivers</Filter>
    </ClCompile>
    <ClInclude Include="..\..\..\..\Cinder-BluecadetTouch\src\drivers\MouseDriver.h">
      <Filter>Blocks\BluecadetTouch\src\drivers</Filter>
    </ClInclude>
    <ClInclude Include="..\..\..\..\Cinder-BluecadetTouch\src\drivers\NativeTouchDriver.h">
      <Filter>Blocks\BluecadetTouch\src\drivers</Filter>
    </ClInclude>
    <ClInclude Include="..\..\..\..\Cinder-BluecadetTouch\src\drivers\SimulatedTouchDriver.h">
      <Filter>Blocks\BluecadetTouch\src\drivers</Filter>
    </ClInclude>
    <ClInclude Include="..\..\..\..\Cinder-BluecadetTouch\src\drivers\TuioDriver.h">
      <Filter>Blocks\BluecadetTouch\src\drivers</Filter>
    </ClInclude>
    <ClCompile Include="..\..\..\src\ImageManager.cpp">
      <Filter>Blocks\BluecadetUtils\src</Filter>
    </ClCompile>
    <ClCompile Include="..\..\..\src\SettingsManager.cpp">
      <Filter>Blocks\BluecadetUtils\src</Filter>
    </ClCompile>
    <ClInclude Include="..\..\..\src\ImageManager.h">
      <Filter>Blocks\BluecadetUtils\src</Filter>
    </ClInclude>
    <ClInclude Include="..\..\..\src\SettingsManager.h">
      <Filter>Blocks\BluecadetUtils\src</Filter>
    </ClInclude>
    <ClCompile Include="..\..\..\..\Cinder-BluecadetViews\src\BaseView.cpp">
      <Filter>Blocks\BluecadetViews\src</Filter>
    </ClCompile>
    <ClCompile Include="..\..\..\..\Cinder-BluecadetViews\src\ImageView.cpp">
      <Filter>Blocks\BluecadetViews\src</Filter>
    </ClCompile>
    <ClCompile Include="..\..\..\..\Cinder-BluecadetViews\src\ShapeView.cpp">
      <Filter>Blocks\BluecadetViews\src</Filter>
    </ClCompile>
    <ClCompile Include="..\..\..\..\Cinder-BluecadetViews\src\TextView.cpp">
      <Filter>Blocks\BluecadetViews\src</Filter>
    </ClCompile>
    <ClCompile Include="..\..\..\..\Cinder-BluecadetViews\src\TouchView.cpp">
      <Filter>Blocks\BluecadetViews\src</Filter>
    </ClCompile>
    <ClInclude Include="..\..\..\..\Cinder-BluecadetViews\src\BaseView.h">
      <Filter>Blocks\BluecadetViews\src</Filter>
    </ClInclude>
    <ClInclude Include="..\..\..\..\Cinder-BluecadetViews\src\ImageView.h">
      <Filter>Blocks\BluecadetViews\src</Filter>
    </ClInclude>
    <ClInclude Include="..\..\..\..\Cinder-BluecadetViews\src\ShapeView.h">
      <Filter>Blocks\BluecadetViews\src</Filter>
    </ClInclude>
    <ClInclude Include="..\..\..\..\Cinder-BluecadetViews\src\TextView.h">
      <Filter>Blocks\BluecadetViews\src</Filter>
    </ClInclude>
    <ClInclude Include="..\..\..\..\Cinder-BluecadetViews\src\TouchView.h">
      <Filter>Blocks\BluecadetViews\src</Filter>
    </ClInclude>
    <ClCompile Include="..\..\..\..\OSC\src\Osc.cpp">
      <Filter>Blocks\OSC\src</Filter>
    </ClCompile>
    <ClInclude Include="..\..\..\..\OSC\src\Osc.h">
      <Filter>Blocks\OSC\src</Filter>
    </ClInclude>
    <ClCompile Include="..\..\..\..\TUIO\src\Tuio.cpp">
      <Filter>Blocks\TUIO\src</Filter>
    </ClCompile>
    <ClInclude Include="..\..\..\..\TUIO\src\Tuio.h">
      <Filter>Blocks\TUIO\src</Filter>
    </ClInclude>
    <ClCompile Include="..\..\..\src\BaseApp.cpp">
      <Filter>Blocks\BluecadetUtils\src</Filter>
    </ClCompile>
    <ClCompile Include="..\..\..\..\Cinder-BluecadetViews\src\debug\RectButton.cpp">
      <Filter>Blocks\BluecadetViews\src\debug</Filter>
    </ClCompile>
    <ClCompile Include="..\..\..\..\Cinder-BluecadetViews\src\debug\RectView.cpp">
      <Filter>Blocks\BluecadetViews\src\debug</Filter>
    </ClCompile>
    <ClCompile Include="..\..\..\..\Cinder-BluecadetViews\src\debug\StatsView.cpp">
      <Filter>Blocks\BluecadetViews\src\debug</Filter>
    </ClCompile>
    <ClCompile Include="..\..\..\src\ScreenLayout.cpp">
      <Filter>Blocks\BluecadetUtils\src</Filter>
    </ClCompile>
  </ItemGroup>
  <ItemGroup>
    <ClInclude Include="..\include\Resources.h">
      <Filter>Header Files</Filter>
    </ClInclude>
    <ClInclude Include="..\..\..\src\BaseApp.h">
      <Filter>Blocks\BluecadetUtils\src</Filter>
    </ClInclude>
    <ClInclude Include="..\..\..\..\Cinder-BluecadetViews\src\debug\StatsView.h">
      <Filter>Blocks\BluecadetViews\src\debug</Filter>
    </ClInclude>
    <ClInclude Include="..\..\..\..\Cinder-BluecadetViews\src\debug\RectButton.h">
      <Filter>Blocks\BluecadetViews\src\debug</Filter>
    </ClInclude>
    <ClInclude Include="..\..\..\..\Cinder-BluecadetViews\src\debug\RectView.h">
      <Filter>Blocks\BluecadetViews\src\debug</Filter>
    </ClInclude>
    <ClInclude Include="..\..\..\src\ScreenLayout.h">
      <Filter>Blocks\BluecadetUtils\src</Filter>
    </ClInclude>
  </ItemGroup>
  <ItemGroup>
    <ResourceCompile Include="Resources.rc">
      <Filter>Resource Files</Filter>
    </ResourceCompile>
  </ItemGroup>
</Project>