<?xml version="1.0" encoding="utf-8"?>
<Project ToolsVersion="4.0" xmlns="http://schemas.microsoft.com/developer/msbuild/2003">
  <ItemGroup>
    <Filter Include="Source Files">
      <UniqueIdentifier>{4FC737F1-C7A5-4376-A066-2A32D752A2FF}</UniqueIdentifier>
      <Extensions>cpp;c;cc;cxx;def;odl;idl;hpj;bat;asm;asmx</Extensions>
    </Filter>
    <Filter Include="Header Files">
      <UniqueIdentifier>{93995380-89BD-4b04-88EB-625FBE52EBFB}</UniqueIdentifier>
      <Extensions>h;hpp;hxx;hm;inl;inc;xsd</Extensions>
    </Filter>
    <Filter Include="Resource Files">
      <UniqueIdentifier>{67DA6AB6-F800-4c08-8B7A-83BB121AAD01}</UniqueIdentifier>
      <Extensions>rc;ico;cur;bmp;dlg;rc2;rct;bin;rgs;gif;jpg;jpeg;jpe;resx;tiff;tif;png;wav</Extensions>
    </Filter>
    <Filter Include="Blocks">
      <UniqueIdentifier>{C0F2B709-2379-46E3-BDCA-F3311E6465B8}</UniqueIdentifier>
    </Filter>
    <Filter Include="Blocks\BluecadetViews">
      <UniqueIdentifier>{352AEA55-30D7-4792-A149-10A26FAEC449}</UniqueIdentifier>
    </Filter>
    <Filter Include="Blocks\BluecadetViews\src">
      <UniqueIdentifier>{0F6E70FC-47C6-45C0-9A1C-FB6441DCB840}</UniqueIdentifier>
    </Filter>
    <Filter Include="Blocks\OSC">
      <UniqueIdentifier>{6F0B1274-2A87-408A-959C-2CB7E0077236}</UniqueIdentifier>
    </Filter>
    <Filter Include="Blocks\OSC\src">
      <UniqueIdentifier>{8C4A9F11-888B-4482-833A-78D6AB83A511}</UniqueIdentifier>
    </Filter>
    <Filter Include="Blocks\TUIO">
      <UniqueIdentifier>{8F8E56B5-44EA-4D13-9042-6793BF042AC0}</UniqueIdentifier>
    </Filter>
    <Filter Include="Blocks\TUIO\src">
      <UniqueIdentifier>{4CC340C5-B6F6-45DD-9245-7FD870B5320B}</UniqueIdentifier>
    </Filter>
    <Filter Include="Source Files\gwc">
      <UniqueIdentifier>{5d5377ca-b234-45ea-9d9f-58b2732d39f3}</UniqueIdentifier>
    </Filter>
    <Filter Include="Blocks\BluecadetText">
      <UniqueIdentifier>{E106803F-4691-4CE2-AFE3-98DC7466E41E}</UniqueIdentifier>
    </Filter>
    <Filter Include="Blocks\BluecadetText\src">
      <UniqueIdentifier>{A1A8550B-08AB-4486-925F-F992E75E7A84}</UniqueIdentifier>
    </Filter>
    <Filter Include="Blocks\BluecadetText\src\bluecadet">
      <UniqueIdentifier>{f87cd6e5-8c4f-4047-95c3-4f32c33433fb}</UniqueIdentifier>
    </Filter>
    <Filter Include="Blocks\BluecadetText\src\bluecadet\text">
      <UniqueIdentifier>{47d92e61-f6fe-4be5-b798-2c1dbf94e92b}</UniqueIdentifier>
    </Filter>
    <Filter Include="Blocks\BluecadetViews\src\bluecadet">
      <UniqueIdentifier>{6f09ee3b-878b-41c2-b628-3a0496f342b3}</UniqueIdentifier>
    </Filter>
    <Filter Include="Blocks\BluecadetViews\src\bluecadet\views">
      <UniqueIdentifier>{77cdf78b-a5a6-4f13-8458-0947cc14cd03}</UniqueIdentifier>
    </Filter>
    <Filter Include="Blocks\BluecadetViews\src\bluecadet\touch">
      <UniqueIdentifier>{8882e41a-f0a3-4ead-bfa7-008551fe21df}</UniqueIdentifier>
    </Filter>
    <Filter Include="Blocks\BluecadetViews\src\bluecadet\touch\drivers">
      <UniqueIdentifier>{53032f82-6823-4756-8ace-6b6752fd4f49}</UniqueIdentifier>
    </Filter>
    <Filter Include="Blocks\BluecadetViews\src\bluecadet\core">
      <UniqueIdentifier>{23bcc02f-9787-49b5-8ef8-304aa92cc2a8}</UniqueIdentifier>
    </Filter>
  </ItemGroup>
  <ItemGroup>
    <ClCompile Include="..\src\GestureWorksSampleApp.cpp">
      <Filter>Source Files</Filter>
    </ClCompile>
    <ClCompile Include="..\src\GestureWorksSampleApp.cpp">
      <Filter>Source Files</Filter>
    </ClCompile>
    <ClInclude Include="..\include\Resources.h">
      <Filter>Header Files</Filter>
    </ClInclude>
    <ClCompile Include="..\src\GestureWorksTouchPlugin.cpp">
      <Filter>Source Files</Filter>
    </ClCompile>
    <ClCompile Include="..\src\gwc\GestureWorksCore.cpp">
      <Filter>Source Files\gwc</Filter>
    </ClCompile>
    <ClCompile Include="..\src\gwc\GWCUtils.cpp">
      <Filter>Source Files\gwc</Filter>
    </ClCompile>
    <ClCompile Include="..\..\..\..\OSC\src\cinder\osc\Osc.cpp">
      <Filter>Source Files</Filter>
    </ClCompile>
    <ClCompile Include="..\..\..\..\TUIO\src\cinder\tuio\Tuio.cpp">
      <Filter>Source Files</Filter>
    </ClCompile>
    <ClCompile Include="..\..\..\..\Cinder-BluecadetText\src\bluecadet\text\FontManager.cpp">
      <Filter>Blocks\BluecadetText\src\bluecadet\text</Filter>
    </ClCompile>
    <ClCompile Include="..\..\..\..\Cinder-BluecadetText\src\bluecadet\text\StyledTextLayout.cpp">
      <Filter>Blocks\BluecadetText\src\bluecadet\text</Filter>
    </ClCompile>
    <ClCompile Include="..\..\..\..\Cinder-BluecadetText\src\bluecadet\text\StyledTextParser.cpp">
      <Filter>Blocks\BluecadetText\src\bluecadet\text</Filter>
    </ClCompile>
    <ClCompile Include="..\..\..\..\Cinder-BluecadetText\src\bluecadet\text\StyleManager.cpp">
      <Filter>Blocks\BluecadetText\src\bluecadet\text</Filter>
    </ClCompile>
    <ClCompile Include="..\..\..\src\bluecadet\core\BaseApp.cpp">
      <Filter>Blocks\BluecadetViews\src\bluecadet\core</Filter>
    </ClCompile>
    <ClCompile Include="..\..\..\src\bluecadet\core\ScreenCamera.cpp">
      <Filter>Blocks\BluecadetViews\src\bluecadet\core</Filter>
    </ClCompile>
    <ClCompile Include="..\..\..\src\bluecadet\core\ScreenLayout.cpp">
      <Filter>Blocks\BluecadetViews\src\bluecadet\core</Filter>
    </ClCompile>
    <ClCompile Include="..\..\..\src\bluecadet\core\SettingsManager.cpp">
      <Filter>Blocks\BluecadetViews\src\bluecadet\core</Filter>
    </ClCompile>
    <ClCompile Include="..\..\..\src\bluecadet\touch\drivers\MouseDriver.cpp">
      <Filter>Blocks\BluecadetViews\src\bluecadet\touch\drivers</Filter>
    </ClCompile>
    <ClCompile Include="..\..\..\src\bluecadet\touch\drivers\NativeTouchDriver.cpp">
      <Filter>Blocks\BluecadetViews\src\bluecadet\touch\drivers</Filter>
    </ClCompile>
    <ClCompile Include="..\..\..\src\bluecadet\touch\drivers\SimulatedTouchDriver.cpp">
      <Filter>Blocks\BluecadetViews\src\bluecadet\touch\drivers</Filter>
    </ClCompile>
    <ClCompile Include="..\..\..\src\bluecadet\touch\drivers\TuioDriver.cpp">
      <Filter>Blocks\BluecadetViews\src\bluecadet\touch\drivers</Filter>
    </ClCompile>
    <ClCompile Include="..\..\..\src\bluecadet\touch\Touch.cpp">
      <Filter>Blocks\BluecadetViews\src\bluecadet\touch</Filter>
    </ClCompile>
    <ClCompile Include="..\..\..\src\bluecadet\touch\TouchManager.cpp">
      <Filter>Blocks\BluecadetViews\src\bluecadet\touch</Filter>
    </ClCompile>
    <ClCompile Include="..\..\..\src\bluecadet\views\BaseView.cpp">
      <Filter>Blocks\BluecadetViews\src\bluecadet\views</Filter>
    </ClCompile>
    <ClCompile Include="..\..\..\src\bluecadet\views\CircleOutlineView.cpp">
      <Filter>Blocks\BluecadetViews\src\bluecadet\views</Filter>
    </ClCompile>
    <ClCompile Include="..\..\..\src\bluecadet\views\EllipseView.cpp">
      <Filter>Blocks\BluecadetViews\src\bluecadet\views</Filter>
    </ClCompile>
    <ClCompile Include="..\..\..\src\bluecadet\views\FboView.cpp">
      <Filter>Blocks\BluecadetViews\src\bluecadet\views</Filter>
    </ClCompile>
    <ClCompile Include="..\..\..\src\bluecadet\views\GraphView.cpp">
      <Filter>Blocks\BluecadetViews\src\bluecadet\views</Filter>
    </ClCompile>
    <ClCompile Include="..\..\..\src\bluecadet\views\ImageView.cpp">
      <Filter>Blocks\BluecadetViews\src\bluecadet\views</Filter>
    </ClCompile>
    <ClCompile Include="..\..\..\src\bluecadet\views\LineView.cpp">
      <Filter>Blocks\BluecadetViews\src\bluecadet\views</Filter>
    </ClCompile>
    <ClCompile Include="..\..\..\src\bluecadet\views\MiniMapView.cpp">
      <Filter>Blocks\BluecadetViews\src\bluecadet\views</Filter>
    </ClCompile>
    <ClCompile Include="..\..\..\src\bluecadet\views\StatsView.cpp">
      <Filter>Blocks\BluecadetViews\src\bluecadet\views</Filter>
    </ClCompile>
    <ClCompile Include="..\..\..\src\bluecadet\views\TextView.cpp">
      <Filter>Blocks\BluecadetViews\src\bluecadet\views</Filter>
    </ClCompile>
    <ClCompile Include="..\..\..\src\bluecadet\views\TouchView.cpp">
      <Filter>Blocks\BluecadetViews\src\bluecadet\views</Filter>
    </ClCompile>
    <ClCompile Include="..\..\..\src\bluecadet\views\ViewEvent.cpp">
      <Filter>Blocks\BluecadetViews\src\bluecadet\views</Filter>
    </ClCompile>
  </ItemGroup>
  <ItemGroup>
    <ClInclude Include="..\include\Resources.h">
      <Filter>Header Files</Filter>
    </ClInclude>
    <ClInclude Include="..\src\GestureWorksTouchPlugin.h">
      <Filter>Source Files</Filter>
    </ClInclude>
    <ClInclude Include="..\src\gwc\GestureWorksCore.h">
      <Filter>Source Files\gwc</Filter>
    </ClInclude>
    <ClInclude Include="..\src\gwc\GWCUtils.h">
      <Filter>Source Files\gwc</Filter>
    </ClInclude>
    <ClInclude Include="..\..\..\..\OSC\src\cinder\osc\Osc.h">
      <Filter>Header Files</Filter>
    </ClInclude>
    <ClInclude Include="..\..\..\..\TUIO\src\cinder\tuio\Tuio.h">
      <Filter>Header Files</Filter>
    </ClInclude>
    <ClInclude Include="..\..\..\..\Cinder-BluecadetText\src\bluecadet\text\FontManager.h">
      <Filter>Blocks\BluecadetText\src\bluecadet\text</Filter>
    </ClInclude>
    <ClInclude Include="..\..\..\..\Cinder-BluecadetText\src\bluecadet\text\StyledTextLayout.h">
      <Filter>Blocks\BluecadetText\src\bluecadet\text</Filter>
    </ClInclude>
    <ClInclude Include="..\..\..\..\Cinder-BluecadetText\src\bluecadet\text\StyledTextParser.h">
      <Filter>Blocks\BluecadetText\src\bluecadet\text</Filter>
    </ClInclude>
    <ClInclude Include="..\..\..\..\Cinder-BluecadetText\src\bluecadet\text\StyleManager.h">
      <Filter>Blocks\BluecadetText\src\bluecadet\text</Filter>
    </ClInclude>
    <ClInclude Include="..\..\..\..\Cinder-BluecadetText\src\bluecadet\text\Text.h">
      <Filter>Blocks\BluecadetText\src\bluecadet\text</Filter>
    </ClInclude>
    <ClInclude Include="..\..\..\src\bluecadet\core\BaseApp.h">
      <Filter>Blocks\BluecadetViews\src\bluecadet\core</Filter>
    </ClInclude>
    <ClInclude Include="..\..\..\src\bluecadet\core\ScreenCamera.h">
      <Filter>Blocks\BluecadetViews\src\bluecadet\core</Filter>
    </ClInclude>
    <ClInclude Include="..\..\..\src\bluecadet\core\ScreenLayout.h">
      <Filter>Blocks\BluecadetViews\src\bluecadet\core</Filter>
    </ClInclude>
    <ClInclude Include="..\..\..\src\bluecadet\core\SettingsManager.h">
      <Filter>Blocks\BluecadetViews\src\bluecadet\core</Filter>
    </ClInclude>
    <ClInclude Include="..\..\..\src\bluecadet\touch\drivers\MouseDriver.h">
      <Filter>Blocks\BluecadetViews\src\bluecadet\touch\drivers</Filter>
    </ClInclude>
    <ClInclude Include="..\..\..\src\bluecadet\touch\drivers\NativeTouchDriver.h">
      <Filter>Blocks\BluecadetViews\src\bluecadet\touch\drivers</Filter>
    </ClInclude>
    <ClInclude Include="..\..\..\src\bluecadet\touch\drivers\SimulatedTouchDriver.h">
      <Filter>Blocks\BluecadetViews\src\bluecadet\touch\drivers</Filter>
    </ClInclude>
    <ClInclude Include="..\..\..\src\bluecadet\touch\drivers\TuioDriver.h">
      <Filter>Blocks\BluecadetViews\src\bluecadet\touch\drivers</Filter>
    </ClInclude>
    <ClInclude Include="..\..\..\src\bluecadet\touch\Touch.h">
      <Filter>Blocks\BluecadetViews\src\bluecadet\touch</Filter>
    </ClInclude>
    <ClInclude Include="..\..\..\src\bluecadet\touch\TouchManager.h">
      <Filter>Blocks\BluecadetViews\src\bluecadet\touch</Filter>
    </ClInclude>
    <ClInclude Include="..\..\..\src\bluecadet\views\BaseView.h">
      <Filter>Blocks\BluecadetViews\src\bluecadet\views</Filter>
    </ClInclude>
    <ClInclude Include="..\..\..\src\bluecadet\views\CircleOutlineView.h">
      <Filter>Blocks\BluecadetViews\src\bluecadet\views</Filter>
    </ClInclude>
    <ClInclude Include="..\..\..\src\bluecadet\views\EllipseView.h">
      <Filter>Blocks\BluecadetViews\src\bluecadet\views</Filter>
    </ClInclude>
    <ClInclude Include="..\..\..\src\bluecadet\views\FboView.h">
      <Filter>Blocks\BluecadetViews\src\bluecadet\views</Filter>
    </ClInclude>
    <ClInclude Include="..\..\..\src\bluecadet\views\GraphView.h">
      <Filter>Blocks\BluecadetViews\src\bluecadet\views</Filter>
    </ClInclude>
    <ClInclude Include="..\..\..\src\bluecadet\views\ImageView.h">
      <Filter>Blocks\BluecadetViews\src\bluecadet\views</Filter>
    </ClInclude>
    <ClInclude Include="..\..\..\src\bluecadet\views\LineView.h">
      <Filter>Blocks\BluecadetViews\src\bluecadet\views</Filter>
    </ClInclude>
    <ClInclude Include="..\..\..\src\bluecadet\views\MiniMapView.h">
      <Filter>Blocks\BluecadetViews\src\bluecadet\views</Filter>
    </ClInclude>
    <ClInclude Include="..\..\..\src\bluecadet\views\StatsView.h">
      <Filter>Blocks\BluecadetViews\src\bluecadet\views</Filter>
    </ClInclude>
    <ClInclude Include="..\..\..\src\bluecadet\views\TextView.h">
      <Filter>Blocks\BluecadetViews\src\bluecadet\views</Filter>
    </ClInclude>
    <ClInclude Include="..\..\..\src\bluecadet\views\TouchView.h">
      <Filter>Blocks\BluecadetViews\src\bluecadet\views</Filter>
    </ClInclude>
    <ClInclude Include="..\..\..\src\bluecadet\views\ViewEvent.h">
      <Filter>Blocks\BluecadetViews\src\bluecadet\views</Filter>
    </ClInclude>
  </ItemGroup>
  <ItemGroup>
    <ResourceCompile Include="Resources.rc">
      <Filter>Resource Files</Filter>
    </ResourceCompile>
  </ItemGroup>
</Project>