<?xml version="1.0" encoding="utf-8"?>
<Project ToolsVersion="4.0" xmlns="http://schemas.microsoft.com/developer/msbuild/2003">
  <ItemGroup>
    <Filter Include="Source Files">
      <UniqueIdentifier>{4FC737F1-C7A5-4376-A066-2A32D752A2FF}</UniqueIdentifier>
      <Extensions>cpp;c;cc;cxx;def;odl;idl;hpj;bat;asm;asmx</Extensions>
    </Filter>
    <Filter Include="Header Files">
      <UniqueIdentifier>{93995380-89BD-4b04-88EB-625FBE52EBFB}</UniqueIdentifier>
      <Extensions>h;hpp;hxx;hm;inl;inc;xsd</Extensions>
    </Filter>
    <Filter Include="Resource Files">
      <UniqueIdentifier>{67DA6AB6-F800-4c08-8B7A-83BB121AAD01}</UniqueIdentifier>
      <Extensions>rc;ico;cur;bmp;dlg;rc2;rct;bin;rgs;gif;jpg;jpeg;jpe;resx;tiff;tif;png;wav</Extensions>
    </Filter>
    <Filter Include="Blocks">
      <UniqueIdentifier>{488683F1-9F06-4180-9CFE-09E6D9E30A12}</UniqueIdentifier>
    </Filter>
    <Filter Include="Blocks\BluecadetText">
      <UniqueIdentifier>{F6A4A817-88FE-405B-8099-8C643917E42E}</UniqueIdentifier>
    </Filter>
    <Filter Include="Blocks\BluecadetText\src">
      <UniqueIdentifier>{DC23FDE9-EFAD-4ECA-97E0-917E660A1827}</UniqueIdentifier>
    </Filter>
    <Filter Include="Blocks\BluecadetTouch">
      <UniqueIdentifier>{7764E07B-3887-4B72-8C78-C7E6EEF4A7F1}</UniqueIdentifier>
    </Filter>
    <Filter Include="Blocks\BluecadetTouch\src">
      <UniqueIdentifier>{4F51C93C-81F5-4CA1-A424-42633C4E00F7}</UniqueIdentifier>
    </Filter>
    <Filter Include="Blocks\BluecadetTouch\src\drivers">
      <UniqueIdentifier>{7931B0FD-C10A-4D5E-A528-FC0FC8894B41}</UniqueIdentifier>
    </Filter>
    <Filter Include="Blocks\BluecadetUtils">
      <UniqueIdentifier>{A1BAC965-306D-4F43-9328-417FAC2ACCC9}</UniqueIdentifier>
    </Filter>
    <Filter Include="Blocks\BluecadetUtils\src">
      <UniqueIdentifier>{F8C94B0D-E967-4829-BEC6-218E14E0927F}</UniqueIdentifier>
    </Filter>
    <Filter Include="Blocks\BluecadetViews">
      <UniqueIdentifier>{044735FF-9987-4F29-8E3F-7B5386FE65E2}</UniqueIdentifier>
    </Filter>
    <Filter Include="Blocks\BluecadetViews\src">
      <UniqueIdentifier>{4F5573DB-674E-4751-9A03-9A8C3B2A8311}</UniqueIdentifier>
    </Filter>
    <Filter Include="Blocks\OSC">
      <UniqueIdentifier>{41B7766D-D6AD-4A99-80DE-DDD5CC6D5A92}</UniqueIdentifier>
    </Filter>
    <Filter Include="Blocks\OSC\src">
      <UniqueIdentifier>{57F1615A-57F3-4F2F-BACD-D14034166544}</UniqueIdentifier>
    </Filter>
    <Filter Include="Blocks\TUIO">
      <UniqueIdentifier>{727DF41E-2B39-402B-82A2-8B5E5BFBB4B3}</UniqueIdentifier>
    </Filter>
    <Filter Include="Blocks\TUIO\src">
      <UniqueIdentifier>{6CCB96AB-94DA-4ED7-A3C1-D49E4B91D5F9}</UniqueIdentifier>
    </Filter>
  </ItemGroup>
  <ItemGroup>
    <ClCompile Include="..\src\ViewTypesSampleApp.cpp">
      <Filter>Source Files</Filter>
    </ClCompile>
    <ClCompile Include="..\src\ViewTypesSampleApp.cpp">
      <Filter>Source Files</Filter>
    </ClCompile>
    <ClInclude Include="..\include\Resources.h">
      <Filter>Header Files</Filter>
    </ClInclude>
    <ClCompile Include="..\..\..\..\Cinder-BluecadetText\src\FontManager.cpp">
      <Filter>Blocks\BluecadetText\src</Filter>
    </ClCompile>
    <ClCompile Include="..\..\..\..\Cinder-BluecadetText\src\StyledTextLayout.cpp">
      <Filter>Blocks\BluecadetText\src</Filter>
    </ClCompile>
    <ClCompile Include="..\..\..\..\Cinder-BluecadetText\src\StyledTextParser.cpp">
      <Filter>Blocks\BluecadetText\src</Filter>
    </ClCompile>
    <ClCompile Include="..\..\..\..\Cinder-BluecadetText\src\StyleManager.cpp">
      <Filter>Blocks\BluecadetText\src</Filter>
    </ClCompile>
    <ClInclude Include="..\..\..\..\Cinder-BluecadetText\src\FontManager.h">
      <Filter>Blocks\BluecadetText\src</Filter>
    </ClInclude>
    <ClInclude Include="..\..\..\..\Cinder-BluecadetText\src\StyledTextLayout.h">
      <Filter>Blocks\BluecadetText\src</Filter>
    </ClInclude>
    <ClInclude Include="..\..\..\..\Cinder-BluecadetText\src\StyledTextParser.h">
      <Filter>Blocks\BluecadetText\src</Filter>
    </ClInclude>
    <ClInclude Include="..\..\..\..\Cinder-BluecadetText\src\StyleManager.h">
      <Filter>Blocks\BluecadetText\src</Filter>
    </ClInclude>
    <ClInclude Include="..\..\..\..\Cinder-BluecadetText\src\Text.h">
      <Filter>Blocks\BluecadetText\src</Filter>
    </ClInclude>
    <ClCompile Include="..\..\..\..\Cinder-BluecadetTouch\src\TouchManager.cpp">
      <Filter>Blocks\BluecadetTouch\src</Filter>
    </ClCompile>
    <ClInclude Include="..\..\..\..\Cinder-BluecadetTouch\src\Touch.h">
      <Filter>Blocks\BluecadetTouch\src</Filter>
    </ClInclude>
    <ClInclude Include="..\..\..\..\Cinder-BluecadetTouch\src\TouchManager.h">
      <Filter>Blocks\BluecadetTouch\src</Filter>
    </ClInclude>
    <ClCompile Include="..\..\..\..\Cinder-BluecadetTouch\src\drivers\MouseDriver.cpp">
      <Filter>Blocks\BluecadetTouch\src\drivers</Filter>
    </ClCompile>
    <ClCompile Include="..\..\..\..\Cinder-BluecadetTouch\src\drivers\NativeTouchDriver.cpp">
      <Filter>Blocks\BluecadetTouch\src\drivers</Filter>
    </ClCompile>
    <ClCompile Include="..\..\..\..\Cinder-BluecadetTouch\src\drivers\SimulatedTouchDriver.cpp">
      <Filter>Blocks\BluecadetTouch\src\drivers</Filter>
    </ClCompile>
    <ClCompile Include="..\..\..\..\Cinder-BluecadetTouch\src\drivers\TuioDriver.cpp">
      <Filter>Blocks\BluecadetTouch\src\drivers</Filter>
    </ClCompile>
    <ClInclude Include="..\..\..\..\Cinder-BluecadetTouch\src\drivers\MouseDriver.h">
      <Filter>Blocks\BluecadetTouch\src\drivers</Filter>
    </ClInclude>
    <ClInclude Include="..\..\..\..\Cinder-BluecadetTouch\src\drivers\NativeTouchDriver.h">
      <Filter>Blocks\BluecadetTouch\src\drivers</Filter>
    </ClInclude>
    <ClInclude Include="..\..\..\..\Cinder-BluecadetTouch\src\drivers\SimulatedTouchDriver.h">
      <Filter>Blocks\BluecadetTouch\src\drivers</Filter>
    </ClInclude>
    <ClInclude Include="..\..\..\..\Cinder-BluecadetTouch\src\drivers\TuioDriver.h">
      <Filter>Blocks\BluecadetTouch\src\drivers</Filter>
    </ClInclude>
    <ClCompile Include="..\..\..\..\Cinder-BluecadetUtils\src\ImageManager.cpp">
      <Filter>Blocks\BluecadetUtils\src</Filter>
    </ClCompile>
    <ClCompile Include="..\..\..\..\Cinder-BluecadetUtils\src\SettingsManager.cpp">
      <Filter>Blocks\BluecadetUtils\src</Filter>
    </ClCompile>
    <ClInclude Include="..\..\..\..\Cinder-BluecadetUtils\src\ImageManager.h">
      <Filter>Blocks\BluecadetUtils\src</Filter>
    </ClInclude>
    <ClInclude Include="..\..\..\..\Cinder-BluecadetUtils\src\SettingsManager.h">
      <Filter>Blocks\BluecadetUtils\src</Filter>
    </ClInclude>
    <ClInclude Include="..\..\..\src\BaseApp.h">
      <Filter>Blocks\BluecadetViews\src</Filter>
    </ClInclude>
    <ClInclude Include="..\..\..\src\BaseView.h">
      <Filter>Blocks\BluecadetViews\src</Filter>
    </ClInclude>
    <ClInclude Include="..\..\..\src\ImageView.h">
      <Filter>Blocks\BluecadetViews\src</Filter>
    </ClInclude>
    <ClInclude Include="..\..\..\src\ScreenLayout.h">
      <Filter>Blocks\BluecadetViews\src</Filter>
    </ClInclude>
    <ClInclude Include="..\..\..\src\TextView.h">
      <Filter>Blocks\BluecadetViews\src</Filter>
    </ClInclude>
    <ClInclude Include="..\..\..\src\TouchView.h">
      <Filter>Blocks\BluecadetViews\src</Filter>
    </ClInclude>
    <ClCompile Include="..\..\..\src\BaseApp.cpp">
      <Filter>Blocks\BluecadetViews\src</Filter>
    </ClCompile>
    <ClCompile Include="..\..\..\src\BaseView.cpp">
      <Filter>Blocks\BluecadetViews\src</Filter>
    </ClCompile>
    <ClCompile Include="..\..\..\src\ImageView.cpp">
      <Filter>Blocks\BluecadetViews\src</Filter>
    </ClCompile>
    <ClCompile Include="..\..\..\src\ScreenLayout.cpp">
      <Filter>Blocks\BluecadetViews\src</Filter>
    </ClCompile>
    <ClCompile Include="..\..\..\src\TextView.cpp">
      <Filter>Blocks\BluecadetViews\src</Filter>
    </ClCompile>
    <ClCompile Include="..\..\..\src\TouchView.cpp">
      <Filter>Blocks\BluecadetViews\src</Filter>
    </ClCompile>
    <ClCompile Include="..\..\..\..\OSC\src\Osc.cpp">
      <Filter>Blocks\OSC\src</Filter>
    </ClCompile>
    <ClInclude Include="..\..\..\..\OSC\src\Osc.h">
      <Filter>Blocks\OSC\src</Filter>
    </ClInclude>
    <ClCompile Include="..\..\..\..\TUIO\src\Tuio.cpp">
      <Filter>Blocks\TUIO\src</Filter>
    </ClCompile>
    <ClInclude Include="..\..\..\..\TUIO\src\Tuio.h">
      <Filter>Blocks\TUIO\src</Filter>
    </ClInclude>
    <ClCompile Include="..\..\..\src\EllipseView.cpp">
      <Filter>Blocks\BluecadetViews\src</Filter>
    </ClCompile>
    <ClCompile Include="..\..\..\src\LineView.cpp">
      <Filter>Blocks\BluecadetViews\src</Filter>
    </ClCompile>
    <ClCompile Include="..\..\..\src\FboView.cpp">
      <Filter>Blocks\BluecadetViews\src</Filter>
    </ClCompile>
  </ItemGroup>
  <ItemGroup>
    <ClInclude Include="..\include\Resources.h">
      <Filter>Header Files</Filter>
    </ClInclude>
    <ClInclude Include="..\..\..\src\EllipseView.h">
      <Filter>Blocks\BluecadetViews\src</Filter>
    </ClInclude>
    <ClInclude Include="..\..\..\src\LineView.h">
      <Filter>Blocks\BluecadetViews\src</Filter>
    </ClInclude>
    <ClInclude Include="..\..\..\src\FboView.h">
      <Filter>Blocks\BluecadetViews\src</Filter>
    </ClInclude>
  </ItemGroup>
  <ItemGroup>
    <ResourceCompile Include="Resources.rc">
      <Filter>Resource Files</Filter>
    </ResourceCompile>
  </ItemGroup>
</Project>