<?xml version="1.0" encoding="utf-8"?>
<Project ToolsVersion="4.0" xmlns="http://schemas.microsoft.com/developer/msbuild/2003">
  <ItemGroup>
    <Filter Include="Source Files">
      <UniqueIdentifier>{4FC737F1-C7A5-4376-A066-2A32D752A2FF}</UniqueIdentifier>
      <Extensions>cpp;c;cc;cxx;def;odl;idl;hpj;bat;asm;asmx</Extensions>
    </Filter>
    <Filter Include="Header Files">
      <UniqueIdentifier>{93995380-89BD-4b04-88EB-625FBE52EBFB}</UniqueIdentifier>
      <Extensions>h;hpp;hxx;hm;inl;inc;xsd</Extensions>
    </Filter>
    <Filter Include="Resource Files">
      <UniqueIdentifier>{67DA6AB6-F800-4c08-8B7A-83BB121AAD01}</UniqueIdentifier>
      <Extensions>rc;ico;cur;bmp;dlg;rc2;rct;bin;rgs;gif;jpg;jpeg;jpe;resx;tiff;tif;png;wav</Extensions>
    </Filter>
    <Filter Include="Blocks">
      <UniqueIdentifier>{008DB803-470A-42F7-B126-1F5329F13CA9}</UniqueIdentifier>
    </Filter>
    <Filter Include="Blocks\BluecadetViews">
      <UniqueIdentifier>{CA314A80-3C64-49D7-83E2-5E38FB9A3E23}</UniqueIdentifier>
    </Filter>
    <Filter Include="Blocks\BluecadetViews\src">
      <UniqueIdentifier>{C35A88BC-AE7D-4AB9-8784-9404EBEC0BA9}</UniqueIdentifier>
    </Filter>
    <Filter Include="Blocks\TUIO">
      <UniqueIdentifier>{B94BFAF9-F706-4138-B870-1EB5E205C6EF}</UniqueIdentifier>
    </Filter>
    <Filter Include="Blocks\TUIO\src">
      <UniqueIdentifier>{8020F1B0-B919-4E3E-970C-89EEB518BE8B}</UniqueIdentifier>
    </Filter>
    <Filter Include="Blocks\OSC">
      <UniqueIdentifier>{FB49401C-6D18-4162-8E06-E491F0689C6B}</UniqueIdentifier>
    </Filter>
    <Filter Include="Blocks\OSC\src">
      <UniqueIdentifier>{C4FF242C-282C-45CC-8CBF-111EA2DD50CE}</UniqueIdentifier>
    </Filter>
    <Filter Include="Blocks\BluecadetText">
      <UniqueIdentifier>{45c6476b-30af-476a-9d61-43025a9924ef}</UniqueIdentifier>
    </Filter>
    <Filter Include="Blocks\BluecadetText\src">
      <UniqueIdentifier>{ffd6a580-7dd4-4031-9df9-8e0a3e8a92b4}</UniqueIdentifier>
    </Filter>
    <Filter Include="Blocks\BluecadetText\src\bluecadet">
      <UniqueIdentifier>{4589be58-3e11-4353-8d61-5c57a8008742}</UniqueIdentifier>
    </Filter>
    <Filter Include="Blocks\BluecadetText\src\bluecadet\text">
      <UniqueIdentifier>{45eeab04-1874-477f-9f0a-e497266e7df2}</UniqueIdentifier>
    </Filter>
    <Filter Include="Blocks\BluecadetViews\src\bluecadet">
      <UniqueIdentifier>{1576b393-1e39-4c65-9ed6-8fc0fe9acffe}</UniqueIdentifier>
    </Filter>
    <Filter Include="Blocks\BluecadetViews\src\bluecadet\core">
      <UniqueIdentifier>{79bc8b81-89a7-4177-b44c-8f224f9933f6}</UniqueIdentifier>
    </Filter>
    <Filter Include="Blocks\BluecadetViews\src\bluecadet\touch">
      <UniqueIdentifier>{c345cb4d-1d11-4690-b2d2-7ead9b702691}</UniqueIdentifier>
    </Filter>
    <Filter Include="Blocks\BluecadetViews\src\bluecadet\touch\drivers">
      <UniqueIdentifier>{5f2177fd-1851-4d38-a6f2-2e3c9fa4925c}</UniqueIdentifier>
    </Filter>
    <Filter Include="Blocks\BluecadetViews\src\bluecadet\views">
      <UniqueIdentifier>{9b549062-30ee-48d8-b516-3f8102a51795}</UniqueIdentifier>
    </Filter>
  </ItemGroup>
  <ItemGroup>
    <ClCompile Include="..\src\NestedTransformsSampleApp.cpp">
      <Filter>Source Files</Filter>
    </ClCompile>
    <ClCompile Include="..\src\NestedTransformsSampleApp.cpp">
      <Filter>Source Files</Filter>
    </ClCompile>
    <ClInclude Include="..\include\Resources.h">
      <Filter>Header Files</Filter>
    </ClInclude>
    <ClCompile Include="..\..\..\..\OSC\src\cinder\osc\Osc.cpp">
      <Filter>Blocks\OSC\src</Filter>
    </ClCompile>
    <ClCompile Include="..\..\..\..\TUIO\src\cinder\tuio\Tuio.cpp">
      <Filter>Blocks\TUIO\src</Filter>
    </ClCompile>
    <ClCompile Include="..\..\..\..\Cinder-BluecadetText\src\bluecadet\text\FontManager.cpp">
      <Filter>Blocks\BluecadetText\src\bluecadet\text</Filter>
    </ClCompile>
    <ClCompile Include="..\..\..\..\Cinder-BluecadetText\src\bluecadet\text\StyledTextLayout.cpp">
      <Filter>Blocks\BluecadetText\src\bluecadet\text</Filter>
    </ClCompile>
    <ClCompile Include="..\..\..\..\Cinder-BluecadetText\src\bluecadet\text\StyledTextParser.cpp">
      <Filter>Blocks\BluecadetText\src\bluecadet\text</Filter>
    </ClCompile>
    <ClCompile Include="..\..\..\..\Cinder-BluecadetText\src\bluecadet\text\StyleManager.cpp">
      <Filter>Blocks\BluecadetText\src\bluecadet\text</Filter>
    </ClCompile>
    <ClCompile Include="..\..\..\src\bluecadet\views\BaseView.cpp">
      <Filter>Blocks\BluecadetViews\src\bluecadet\views</Filter>
    </ClCompile>
    <ClCompile Include="..\..\..\src\bluecadet\views\CircleOutlineView.cpp">
      <Filter>Blocks\BluecadetViews\src\bluecadet\views</Filter>
    </ClCompile>
    <ClCompile Include="..\..\..\src\bluecadet\views\EllipseView.cpp">
      <Filter>Blocks\BluecadetViews\src\bluecadet\views</Filter>
    </ClCompile>
    <ClCompile Include="..\..\..\src\bluecadet\views\FboView.cpp">
      <Filter>Blocks\BluecadetViews\src\bluecadet\views</Filter>
    </ClCompile>
    <ClCompile Include="..\..\..\src\bluecadet\views\GraphView.cpp">
      <Filter>Blocks\BluecadetViews\src\bluecadet\views</Filter>
    </ClCompile>
    <ClCompile Include="..\..\..\src\bluecadet\views\ImageView.cpp">
      <Filter>Blocks\BluecadetViews\src\bluecadet\views</Filter>
    </ClCompile>
    <ClCompile Include="..\..\..\src\bluecadet\views\LineView.cpp">
      <Filter>Blocks\BluecadetViews\src\bluecadet\views</Filter>
    </ClCompile>
    <ClCompile Include="..\..\..\src\bluecadet\views\MiniMapView.cpp">
      <Filter>Blocks\BluecadetViews\src\bluecadet\views</Filter>
    </ClCompile>
    <ClCompile Include="..\..\..\src\bluecadet\views\StatsView.cpp">
      <Filter>Blocks\BluecadetViews\src\bluecadet\views</Filter>
    </ClCompile>
    <ClCompile Include="..\..\..\src\bluecadet\views\TextView.cpp">
      <Filter>Blocks\BluecadetViews\src\bluecadet\views</Filter>
    </ClCompile>
    <ClCompile Include="..\..\..\src\bluecadet\views\TouchView.cpp">
      <Filter>Blocks\BluecadetViews\src\bluecadet\views</Filter>
    </ClCompile>
    <ClCompile Include="..\..\..\src\bluecadet\views\ViewEvent.cpp">
      <Filter>Blocks\BluecadetViews\src\bluecadet\views</Filter>
    </ClCompile>
    <ClCompile Include="..\..\..\src\bluecadet\core\BaseApp.cpp">
      <Filter>Blocks\BluecadetViews\src\bluecadet\core</Filter>
    </ClCompile>
    <ClCompile Include="..\..\..\src\bluecadet\core\ScreenCamera.cpp">
      <Filter>Blocks\BluecadetViews\src\bluecadet\core</Filter>
    </ClCompile>
    <ClCompile Include="..\..\..\src\bluecadet\core\ScreenLayout.cpp">
      <Filter>Blocks\BluecadetViews\src\bluecadet\core</Filter>
    </ClCompile>
    <ClCompile Include="..\..\..\src\bluecadet\core\SettingsManager.cpp">
      <Filter>Blocks\BluecadetViews\src\bluecadet\core</Filter>
    </ClCompile>
    <ClCompile Include="..\..\..\src\bluecadet\touch\Touch.cpp">
      <Filter>Blocks\BluecadetViews\src\bluecadet\touch</Filter>
    </ClCompile>
    <ClCompile Include="..\..\..\src\bluecadet\touch\TouchManager.cpp">
      <Filter>Blocks\BluecadetViews\src\bluecadet\touch</Filter>
    </ClCompile>
    <ClCompile Include="..\..\..\src\bluecadet\touch\drivers\MouseDriver.cpp">
      <Filter>Blocks\BluecadetViews\src\bluecadet\touch\drivers</Filter>
    </ClCompile>
    <ClCompile Include="..\..\..\src\bluecadet\touch\drivers\NativeTouchDriver.cpp">
      <Filter>Blocks\BluecadetViews\src\bluecadet\touch\drivers</Filter>
    </ClCompile>
    <ClCompile Include="..\..\..\src\bluecadet\touch\drivers\SimulatedTouchDriver.cpp">
      <Filter>Blocks\BluecadetViews\src\bluecadet\touch\drivers</Filter>
    </ClCompile>
    <ClCompile Include="..\..\..\src\bluecadet\touch\drivers\TuioDriver.cpp">
      <Filter>Blocks\BluecadetViews\src\bluecadet\touch\drivers</Filter>
    </ClCompile>
  </ItemGroup>
  <ItemGroup>
    <ClInclude Include="..\include\Resources.h">
      <Filter>Header Files</Filter>
    </ClInclude>
    <ClInclude Include="..\..\..\..\OSC\src\cinder\osc\Osc.h">
      <Filter>Blocks\OSC\src</Filter>
    </ClInclude>
    <ClInclude Include="..\..\..\..\TUIO\src\cinder\tuio\Tuio.h">
      <Filter>Blocks\TUIO\src</Filter>
    </ClInclude>
    <ClInclude Include="..\..\..\..\Cinder-BluecadetText\src\bluecadet\text\FontManager.h">
      <Filter>Blocks\BluecadetText\src\bluecadet\text</Filter>
    </ClInclude>
    <ClInclude Include="..\..\..\..\Cinder-BluecadetText\src\bluecadet\text\StyledTextLayout.h">
      <Filter>Blocks\BluecadetText\src\bluecadet\text</Filter>
    </ClInclude>
    <ClInclude Include="..\..\..\..\Cinder-BluecadetText\src\bluecadet\text\StyledTextParser.h">
      <Filter>Blocks\BluecadetText\src\bluecadet\text</Filter>
    </ClInclude>
    <ClInclude Include="..\..\..\..\Cinder-BluecadetText\src\bluecadet\text\StyleManager.h">
      <Filter>Blocks\BluecadetText\src\bluecadet\text</Filter>
    </ClInclude>
    <ClInclude Include="..\..\..\..\Cinder-BluecadetText\src\bluecadet\text\Text.h">
      <Filter>Blocks\BluecadetText\src\bluecadet\text</Filter>
    </ClInclude>
    <ClInclude Include="..\..\..\src\bluecadet\views\BaseView.h">
      <Filter>Blocks\BluecadetViews\src\bluecadet\views</Filter>
    </ClInclude>
    <ClInclude Include="..\..\..\src\bluecadet\views\CircleOutlineView.h">
      <Filter>Blocks\BluecadetViews\src\bluecadet\views</Filter>
    </ClInclude>
    <ClInclude Include="..\..\..\src\bluecadet\views\EllipseView.h">
      <Filter>Blocks\BluecadetViews\src\bluecadet\views</Filter>
    </ClInclude>
    <ClInclude Include="..\..\..\src\bluecadet\views\FboView.h">
      <Filter>Blocks\BluecadetViews\src\bluecadet\views</Filter>
    </ClInclude>
    <ClInclude Include="..\..\..\src\bluecadet\views\GraphView.h">
      <Filter>Blocks\BluecadetViews\src\bluecadet\views</Filter>
    </ClInclude>
    <ClInclude Include="..\..\..\src\bluecadet\views\ImageView.h">
      <Filter>Blocks\BluecadetViews\src\bluecadet\views</Filter>
    </ClInclude>
    <ClInclude Include="..\..\..\src\bluecadet\views\LineView.h">
      <Filter>Blocks\BluecadetViews\src\bluecadet\views</Filter>
    </ClInclude>
    <ClInclude Include="..\..\..\src\bluecadet\views\MiniMapView.h">
      <Filter>Blocks\BluecadetViews\src\bluecadet\views</Filter>
    </ClInclude>
    <ClInclude Include="..\..\..\src\bluecadet\views\StatsView.h">
      <Filter>Blocks\BluecadetViews\src\bluecadet\views</Filter>
    </ClInclude>
    <ClInclude Include="..\..\..\src\bluecadet\views\TextView.h">
      <Filter>Blocks\BluecadetViews\src\bluecadet\views</Filter>
    </ClInclude>
    <ClInclude Include="..\..\..\src\bluecadet\views\TouchView.h">
      <Filter>Blocks\BluecadetViews\src\bluecadet\views</Filter>
    </ClInclude>
    <ClInclude Include="..\..\..\src\bluecadet\views\ViewEvent.h">
      <Filter>Blocks\BluecadetViews\src\bluecadet\views</Filter>
    </ClInclude>
    <ClInclude Include="..\..\..\src\bluecadet\core\BaseApp.h">
      <Filter>Blocks\BluecadetViews\src\bluecadet\core</Filter>
    </ClInclude>
    <ClInclude Include="..\..\..\src\bluecadet\core\ScreenCamera.h">
      <Filter>Blocks\BluecadetViews\src\bluecadet\core</Filter>
    </ClInclude>
    <ClInclude Include="..\..\..\src\bluecadet\core\ScreenLayout.h">
      <Filter>Blocks\BluecadetViews\src\bluecadet\core</Filter>
    </ClInclude>
    <ClInclude Include="..\..\..\src\bluecadet\core\SettingsManager.h">
      <Filter>Blocks\BluecadetViews\src\bluecadet\core</Filter>
    </ClInclude>
    <ClInclude Include="..\..\..\src\bluecadet\touch\Touch.h">
      <Filter>Blocks\BluecadetViews\src\bluecadet\touch</Filter>
    </ClInclude>
    <ClInclude Include="..\..\..\src\bluecadet\touch\TouchManager.h">
      <Filter>Blocks\BluecadetViews\src\bluecadet\touch</Filter>
    </ClInclude>
    <ClInclude Include="..\..\..\src\bluecadet\touch\drivers\MouseDriver.h">
      <Filter>Blocks\BluecadetViews\src\bluecadet\touch\drivers</Filter>
    </ClInclude>
    <ClInclude Include="..\..\..\src\bluecadet\touch\drivers\NativeTouchDriver.h">
      <Filter>Blocks\BluecadetViews\src\bluecadet\touch\drivers</Filter>
    </ClInclude>
    <ClInclude Include="..\..\..\src\bluecadet\touch\drivers\SimulatedTouchDriver.h">
      <Filter>Blocks\BluecadetViews\src\bluecadet\touch\drivers</Filter>
    </ClInclude>
    <ClInclude Include="..\..\..\src\bluecadet\touch\drivers\TuioDriver.h">
      <Filter>Blocks\BluecadetViews\src\bluecadet\touch\drivers</Filter>
    </ClInclude>
  </ItemGroup>
  <ItemGroup>
    <ResourceCompile Include="Resources.rc">
      <Filter>Resource Files</Filter>
    </ResourceCompile>
  </ItemGroup>
</Project>